// !$*UTF8*$!
{
	archiveVersion = 1;
	classes = {
	};
	objectVersion = 55;
	objects = {

/* Begin PBXBuildFile section */
		3B35568AB55FD6E904533E04 /* Pods_Yogit_YogitUITests.framework in Frameworks */ = {isa = PBXBuildFile; fileRef = 0AF43ECE14A019C7FD06E989 /* Pods_Yogit_YogitUITests.framework */; };
		79088AC828D89343008054F6 /* SessionManager.swift in Sources */ = {isa = PBXBuildFile; fileRef = 79088AC728D89343008054F6 /* SessionManager.swift */; };
		79088B6628DD8297008054F6 /* SearchGatheringBoardViewController.swift in Sources */ = {isa = PBXBuildFile; fileRef = 79088B6528DD8297008054F6 /* SearchGatheringBoardViewController.swift */; };
		79088B6828DE1A66008054F6 /* SetProfileTableViewCell.swift in Sources */ = {isa = PBXBuildFile; fileRef = 79088B6728DE1A66008054F6 /* SetProfileTableViewCell.swift */; };
		79088B7528E48D24008054F6 /* AlamofireManager.swift in Sources */ = {isa = PBXBuildFile; fileRef = 79088B7428E48D24008054F6 /* AlamofireManager.swift */; };
		79088B7728E490CA008054F6 /* BaseInterceptor.swift in Sources */ = {isa = PBXBuildFile; fileRef = 79088B7628E490CA008054F6 /* BaseInterceptor.swift */; };
		79088B7E28E4A81A008054F6 /* Constants.swift in Sources */ = {isa = PBXBuildFile; fileRef = 79088B7D28E4A81A008054F6 /* Constants.swift */; };
		79088B8428E5683F008054F6 /* KeyChainManager.swift in Sources */ = {isa = PBXBuildFile; fileRef = 79088B8328E5683F008054F6 /* KeyChainManager.swift */; };
		791C1E98292D3C9200623936 /* BoardMainCollectionTableViewCell.swift in Sources */ = {isa = PBXBuildFile; fileRef = 791C1E97292D3C9200623936 /* BoardMainCollectionTableViewCell.swift */; };
		791C1E9A292D3CB000623936 /* ThumbnailCollectionViewCell.swift in Sources */ = {isa = PBXBuildFile; fileRef = 791C1E99292D3CB000623936 /* ThumbnailCollectionViewCell.swift */; };
		791C1E9E292E5F8E00623936 /* APIUser.swift in Sources */ = {isa = PBXBuildFile; fileRef = 791C1E9D292E5F8E00623936 /* APIUser.swift */; };
		791C1EA1292E600B00623936 /* APIGatheringBoard.swift in Sources */ = {isa = PBXBuildFile; fileRef = 791C1EA0292E600B00623936 /* APIGatheringBoard.swift */; };
		791C1EA3292E686900623936 /* APIConstants.swift in Sources */ = {isa = PBXBuildFile; fileRef = 791C1EA2292E686900623936 /* APIConstants.swift */; };
		791C1EBF293251F600623936 /* GetProfileImagesViewController.swift in Sources */ = {isa = PBXBuildFile; fileRef = 791C1EBE293251F600623936 /* GetProfileImagesViewController.swift */; };
		791C1EC329355F6A00623936 /* String.swift in Sources */ = {isa = PBXBuildFile; fileRef = 791C1EC229355F6A00623936 /* String.swift */; };
		791C1EC529355F7600623936 /* Date.swift in Sources */ = {isa = PBXBuildFile; fileRef = 791C1EC429355F7600623936 /* Date.swift */; };
		791C1EED2937C1A800623936 /* GatheringDetailBoardViewController.swift in Sources */ = {isa = PBXBuildFile; fileRef = 791C1EEC2937C1A800623936 /* GatheringDetailBoardViewController.swift */; };
		791F6CF5294680D700C1D470 /* PushNoficationViewController.swift in Sources */ = {isa = PBXBuildFile; fileRef = 791F6CF4294680D700C1D470 /* PushNoficationViewController.swift */; };
		791F6CF7294680E400C1D470 /* MyClubViewController.swift in Sources */ = {isa = PBXBuildFile; fileRef = 791F6CF6294680E400C1D470 /* MyClubViewController.swift */; };
		791F6CF92948741C00C1D470 /* AlarmManager.swift in Sources */ = {isa = PBXBuildFile; fileRef = 791F6CF82948741C00C1D470 /* AlarmManager.swift */; };
		791F6CFB294874E300C1D470 /* Alarm.swift in Sources */ = {isa = PBXBuildFile; fileRef = 791F6CFA294874E300C1D470 /* Alarm.swift */; };
		791F6CFE294F765A00C1D470 /* GatheringBoardThumbnailCollectionViewCell.swift in Sources */ = {isa = PBXBuildFile; fileRef = 791F6CFD294F765A00C1D470 /* GatheringBoardThumbnailCollectionViewCell.swift */; };
		792A11BF295B63F200F67094 /* ChatViewController.swift in Sources */ = {isa = PBXBuildFile; fileRef = 792A11BE295B63F200F67094 /* ChatViewController.swift */; };
		792A11C1295C23E200F67094 /* BasicAudioController.swift in Sources */ = {isa = PBXBuildFile; fileRef = 792A11C0295C23E200F67094 /* BasicAudioController.swift */; };
		792A11C9295CB75400F67094 /* ContentSizedTableView.swift in Sources */ = {isa = PBXBuildFile; fileRef = 792A11C8295CB75400F67094 /* ContentSizedTableView.swift */; };
		792A11D5295E1D5E00F67094 /* MessageKit in Frameworks */ = {isa = PBXBuildFile; productRef = 792A11D4295E1D5E00F67094 /* MessageKit */; };
		792A11D82961BA0D00F67094 /* ClipBoardViewController.swift in Sources */ = {isa = PBXBuildFile; fileRef = 792A11D72961BA0D00F67094 /* ClipBoardViewController.swift */; };
		792A11DB2962D73700F67094 /* ClipBoardRouter.swift in Sources */ = {isa = PBXBuildFile; fileRef = 792A11DA2962D73700F67094 /* ClipBoardRouter.swift */; };
		792A11DF2966956D00F67094 /* SettingProfileViewController.swift in Sources */ = {isa = PBXBuildFile; fileRef = 792A11DE2966956D00F67094 /* SettingProfileViewController.swift */; };
		79519FBF291D070400D8E6CF /* GatheringBoardCategoryTableViewCell.swift in Sources */ = {isa = PBXBuildFile; fileRef = 79519FBE291D070400D8E6CF /* GatheringBoardCategoryTableViewCell.swift */; };
		79519FEF291E8DA300D8E6CF /* GatheringBoard.swift in Sources */ = {isa = PBXBuildFile; fileRef = 79519FEE291E8DA300D8E6CF /* GatheringBoard.swift */; };
		79519FF1291E95E600D8E6CF /* Image.swift in Sources */ = {isa = PBXBuildFile; fileRef = 79519FF0291E95E600D8E6CF /* Image.swift */; };
		79519FF5291EA87B00D8E6CF /* GatheringBoardContentViewController.swift in Sources */ = {isa = PBXBuildFile; fileRef = 79519FF4291EA87B00D8E6CF /* GatheringBoardContentViewController.swift */; };
		79519FF7291EA8E900D8E6CF /* GatheringBoardSelectImagesViewController.swift in Sources */ = {isa = PBXBuildFile; fileRef = 79519FF6291EA8E900D8E6CF /* GatheringBoardSelectImagesViewController.swift */; };
		79519FFC291FB6B800D8E6CF /* TextField.swift in Sources */ = {isa = PBXBuildFile; fileRef = 79519FFB291FB6B800D8E6CF /* TextField.swift */; };
		7951A0022921063D00D8E6CF /* LocationManager.swift in Sources */ = {isa = PBXBuildFile; fileRef = 7951A0012921063D00D8E6CF /* LocationManager.swift */; };
		7951A0032921063D00D8E6CF /* LocationManager.swift in Sources */ = {isa = PBXBuildFile; fileRef = 7951A0012921063D00D8E6CF /* LocationManager.swift */; };
		7951A0042921063D00D8E6CF /* LocationManager.swift in Sources */ = {isa = PBXBuildFile; fileRef = 7951A0012921063D00D8E6CF /* LocationManager.swift */; };
		7951A00629211DF000D8E6CF /* MyMapViewController.swift in Sources */ = {isa = PBXBuildFile; fileRef = 7951A00529211DF000D8E6CF /* MyMapViewController.swift */; };
		7951A0082921557D00D8E6CF /* MKResultsLocalSearchTableViewController.swift in Sources */ = {isa = PBXBuildFile; fileRef = 7951A0072921557D00D8E6CF /* MKResultsLocalSearchTableViewController.swift */; };
		7951A04629217ABA00D8E6CF /* ResultsViewController.swift in Sources */ = {isa = PBXBuildFile; fileRef = 7951A04529217ABA00D8E6CF /* ResultsViewController.swift */; };
		7951A0482921862A00D8E6CF /* GooglePlacesManager.swift in Sources */ = {isa = PBXBuildFile; fileRef = 7951A0472921862A00D8E6CF /* GooglePlacesManager.swift */; };
		7951A0872921B61C00D8E6CF /* MKMapLocalSearchViewController.swift in Sources */ = {isa = PBXBuildFile; fileRef = 7951A0862921B61C00D8E6CF /* MKMapLocalSearchViewController.swift */; };
		7951A08D2923744800D8E6CF /* MyTextViewTableViewCell.swift in Sources */ = {isa = PBXBuildFile; fileRef = 7951A08C2923744800D8E6CF /* MyTextViewTableViewCell.swift */; };
		7951A08F29239C2100D8E6CF /* SelectLocationOptionViewController.swift in Sources */ = {isa = PBXBuildFile; fileRef = 7951A08E29239C2100D8E6CF /* SelectLocationOptionViewController.swift */; };
		7951A0B9292A240900D8E6CF /* GetProfileViewController.swift in Sources */ = {isa = PBXBuildFile; fileRef = 7951A0B8292A240900D8E6CF /* GetProfileViewController.swift */; };
		7951A0BC292A29F800D8E6CF /* ServiceTapBarViewController.swift in Sources */ = {isa = PBXBuildFile; fileRef = 7951A0BB292A29F800D8E6CF /* ServiceTapBarViewController.swift */; };
		7951A0BE292A7D4300D8E6CF /* TimeMeasure.swift in Sources */ = {isa = PBXBuildFile; fileRef = 7951A0BD292A7D4300D8E6CF /* TimeMeasure.swift */; };
		7953ED2A297025A2003ACB27 /* ProfileRouter.swift in Sources */ = {isa = PBXBuildFile; fileRef = 7953ED29297025A2003ACB27 /* ProfileRouter.swift */; };
		7953ED31297435C8003ACB27 /* URLConvertible+Extension.swift in Sources */ = {isa = PBXBuildFile; fileRef = 7953ED30297435C8003ACB27 /* URLConvertible+Extension.swift */; };
		7954854A28D5D006005ED367 /* LoginViewController.swift in Sources */ = {isa = PBXBuildFile; fileRef = 7954854928D5D006005ED367 /* LoginViewController.swift */; };
		795D9BC028F1993300228E34 /* RequirementTableViewHeader.swift in Sources */ = {isa = PBXBuildFile; fileRef = 795D9BBF28F1993300228E34 /* RequirementTableViewHeader.swift */; };
		795D9BC328F1B40F00228E34 /* SetProfileTableViewFooter.swift in Sources */ = {isa = PBXBuildFile; fileRef = 795D9BC228F1B40F00228E34 /* SetProfileTableViewFooter.swift */; };
		795D9BC528F1D4E300228E34 /* Color.swift in Sources */ = {isa = PBXBuildFile; fileRef = 795D9BC428F1D4E300228E34 /* Color.swift */; };
		795D9BC728F1F72900228E34 /* Layer.swift in Sources */ = {isa = PBXBuildFile; fileRef = 795D9BC628F1F72900228E34 /* Layer.swift */; };
		7962CEE22938EF35007FCC10 /* BoardOptionsTableViewCell.swift in Sources */ = {isa = PBXBuildFile; fileRef = 7962CEE12938EF35007FCC10 /* BoardOptionsTableViewCell.swift */; };
		7962CEE42939174C007FCC10 /* GatheringBoardOptionViewController.swift in Sources */ = {isa = PBXBuildFile; fileRef = 7962CEE32939174C007FCC10 /* GatheringBoardOptionViewController.swift */; };
		7962CEE829392C86007FCC10 /* MyHeaderView.swift in Sources */ = {isa = PBXBuildFile; fileRef = 7962CEE729392C86007FCC10 /* MyHeaderView.swift */; };
		7962CEEA293BA5F9007FCC10 /* BoardInfoView.swift in Sources */ = {isa = PBXBuildFile; fileRef = 7962CEE9293BA5F9007FCC10 /* BoardInfoView.swift */; };
		7962CEEE293C4302007FCC10 /* Encodable.swift in Sources */ = {isa = PBXBuildFile; fileRef = 7962CEED293C4302007FCC10 /* Encodable.swift */; };
		7962CEF0293CBA24007FCC10 /* MemberImagesCollectionViewCell.swift in Sources */ = {isa = PBXBuildFile; fileRef = 7962CEEF293CBA24007FCC10 /* MemberImagesCollectionViewCell.swift */; };
		7962CEFA29408285007FCC10 /* APIClipBoard.swift in Sources */ = {isa = PBXBuildFile; fileRef = 7962CEF929408285007FCC10 /* APIClipBoard.swift */; };
		79730248298953DB006EFFB9 /* BoardUserRouter.swift in Sources */ = {isa = PBXBuildFile; fileRef = 79730247298953DB006EFFB9 /* BoardUserRouter.swift */; };
		7973024B298B99EF006EFFB9 /* JoinListViewController.swift in Sources */ = {isa = PBXBuildFile; fileRef = 7973024A298B99EF006EFFB9 /* JoinListViewController.swift */; };
		7973024D298B9C6F006EFFB9 /* JoinListTableViewCell.swift in Sources */ = {isa = PBXBuildFile; fileRef = 7973024C298B9C6F006EFFB9 /* JoinListTableViewCell.swift */; };
		79730255298FFC68006EFFB9 /* LoadingFooterView.swift in Sources */ = {isa = PBXBuildFile; fileRef = 79730254298FFC68006EFFB9 /* LoadingFooterView.swift */; };
		797302572990A8D8006EFFB9 /* ViewAllGatheringBoardsViewController.swift in Sources */ = {isa = PBXBuildFile; fileRef = 797302562990A8D8006EFFB9 /* ViewAllGatheringBoardsViewController.swift */; };
		797302592990F168006EFFB9 /* SmallGatheringBoardTableViewCell.swift in Sources */ = {isa = PBXBuildFile; fileRef = 797302582990F168006EFFB9 /* SmallGatheringBoardTableViewCell.swift */; };
		7973025B299102EC006EFFB9 /* CategoryImageViewCollectionViewCell.swift in Sources */ = {isa = PBXBuildFile; fileRef = 7973025A299102EC006EFFB9 /* CategoryImageViewCollectionViewCell.swift */; };
		797302612997A540006EFFB9 /* APIReport.swift in Sources */ = {isa = PBXBuildFile; fileRef = 797302602997A540006EFFB9 /* APIReport.swift */; };
		797302632997A6EE006EFFB9 /* BlockRouter.swift in Sources */ = {isa = PBXBuildFile; fileRef = 797302622997A6EE006EFFB9 /* BlockRouter.swift */; };
		797302652997A71D006EFFB9 /* APIBlock.swift in Sources */ = {isa = PBXBuildFile; fileRef = 797302642997A71D006EFFB9 /* APIBlock.swift */; };
		797302682997EDB0006EFFB9 /* ReportViewController.swift in Sources */ = {isa = PBXBuildFile; fileRef = 797302672997EDB0006EFFB9 /* ReportViewController.swift */; };
		7973026B299B896A006EFFB9 /* MainViewController.swift in Sources */ = {isa = PBXBuildFile; fileRef = 7973026A299B896A006EFFB9 /* MainViewController.swift */; };
		79731FC629C32C970062D091 /* NotificationCenter+Extension.swift in Sources */ = {isa = PBXBuildFile; fileRef = 79731FC529C32C970062D091 /* NotificationCenter+Extension.swift */; };
		7977FCB029D69E5A008F5404 /* TermsOfServiceViewController.swift in Sources */ = {isa = PBXBuildFile; fileRef = 7977FCAF29D69E5A008F5404 /* TermsOfServiceViewController.swift */; };
		79A8F66C28C7240300FEBE90 /* AppDelegate.swift in Sources */ = {isa = PBXBuildFile; fileRef = 79A8F66B28C7240300FEBE90 /* AppDelegate.swift */; };
		79A8F66E28C7240300FEBE90 /* SceneDelegate.swift in Sources */ = {isa = PBXBuildFile; fileRef = 79A8F66D28C7240300FEBE90 /* SceneDelegate.swift */; };
		79A8F67028C7240300FEBE90 /* ViewController.swift in Sources */ = {isa = PBXBuildFile; fileRef = 79A8F66F28C7240300FEBE90 /* ViewController.swift */; };
		79A8F67328C7240300FEBE90 /* Main.storyboard in Resources */ = {isa = PBXBuildFile; fileRef = 79A8F67128C7240300FEBE90 /* Main.storyboard */; };
		79A8F67528C7240500FEBE90 /* Assets.xcassets in Resources */ = {isa = PBXBuildFile; fileRef = 79A8F67428C7240500FEBE90 /* Assets.xcassets */; };
		79A8F67828C7240500FEBE90 /* LaunchScreen.storyboard in Resources */ = {isa = PBXBuildFile; fileRef = 79A8F67628C7240500FEBE90 /* LaunchScreen.storyboard */; };
		79A8F68328C7240500FEBE90 /* YogitTests.swift in Sources */ = {isa = PBXBuildFile; fileRef = 79A8F68228C7240500FEBE90 /* YogitTests.swift */; };
		79A8F68D28C7240500FEBE90 /* YogitUITests.swift in Sources */ = {isa = PBXBuildFile; fileRef = 79A8F68C28C7240500FEBE90 /* YogitUITests.swift */; };
		79A8F68F28C7240500FEBE90 /* YogitUITestsLaunchTests.swift in Sources */ = {isa = PBXBuildFile; fileRef = 79A8F68E28C7240500FEBE90 /* YogitUITestsLaunchTests.swift */; };
		79A8F6A028C7611000FEBE90 /* PhoneNumberVerificationViewController.swift in Sources */ = {isa = PBXBuildFile; fileRef = 79A8F69F28C7611000FEBE90 /* PhoneNumberVerificationViewController.swift */; };
		79A8F6A228C7615E00FEBE90 /* GetVerificationCodeViewController.swift in Sources */ = {isa = PBXBuildFile; fileRef = 79A8F6A128C7615E00FEBE90 /* GetVerificationCodeViewController.swift */; };
		79A8F6A728CDC95000FEBE90 /* User.swift in Sources */ = {isa = PBXBuildFile; fileRef = 79A8F6A628CDC95000FEBE90 /* User.swift */; };
		79A8F6AB28CDD65800FEBE90 /* SetProfileViewController.swift in Sources */ = {isa = PBXBuildFile; fileRef = 79A8F6AA28CDD65800FEBE90 /* SetProfileViewController.swift */; };
		79C45CC6296B1FF200A5A59E /* UITabBarController+Extensions.swift in Sources */ = {isa = PBXBuildFile; fileRef = 79C45CC5296B1FF000A5A59E /* UITabBarController+Extensions.swift */; };
		79C45CC8296F527200A5A59E /* UIViewController+Extensions.swift in Sources */ = {isa = PBXBuildFile; fileRef = 79C45CC7296F527200A5A59E /* UIViewController+Extensions.swift */; };
		79D28AB7297882B600F4FD64 /* ImageManger.swift in Sources */ = {isa = PBXBuildFile; fileRef = 79D28AB6297882B600F4FD64 /* ImageManger.swift */; };
		79D28AB92978A0F600F4FD64 /* UIImageView+Extension.swift in Sources */ = {isa = PBXBuildFile; fileRef = 79D28AB82978A0F600F4FD64 /* UIImageView+Extension.swift */; };
		79D28ABF297A8E5700F4FD64 /* AboutMeViewController.swift in Sources */ = {isa = PBXBuildFile; fileRef = 79D28ABE297A8E5700F4FD64 /* AboutMeViewController.swift */; };
		79D28AC1297A8E6700F4FD64 /* InterestsViewController.swift in Sources */ = {isa = PBXBuildFile; fileRef = 79D28AC0297A8E6700F4FD64 /* InterestsViewController.swift */; };
		79D28AC3297A8F4D00F4FD64 /* JobViewController.swift in Sources */ = {isa = PBXBuildFile; fileRef = 79D28AC2297A8F4D00F4FD64 /* JobViewController.swift */; };
		79D28AC5297AF45F00F4FD64 /* NameViewController.swift in Sources */ = {isa = PBXBuildFile; fileRef = 79D28AC4297AF45F00F4FD64 /* NameViewController.swift */; };
		79D28AC7297E4AB200F4FD64 /* BoardRouter.swift in Sources */ = {isa = PBXBuildFile; fileRef = 79D28AC6297E4AB200F4FD64 /* BoardRouter.swift */; };
		79D28ACF29801B2800F4FD64 /* ReportRouter.swift in Sources */ = {isa = PBXBuildFile; fileRef = 79D28ACE29801B2800F4FD64 /* ReportRouter.swift */; };
		79D28AD12981EA4D00F4FD64 /* SessionRouter.swift in Sources */ = {isa = PBXBuildFile; fileRef = 79D28AD02981EA4D00F4FD64 /* SessionRouter.swift */; };
		79D28AD3298227B500F4FD64 /* PushNotificationRouter.swift in Sources */ = {isa = PBXBuildFile; fileRef = 79D28AD2298227B500F4FD64 /* PushNotificationRouter.swift */; };
		79D28AD82987812900F4FD64 /* Localizable.strings in Resources */ = {isa = PBXBuildFile; fileRef = 79D28ADA2987812900F4FD64 /* Localizable.strings */; };
		79F0227328F7E61B007D59B8 /* SetProfileImagesViewController.swift in Sources */ = {isa = PBXBuildFile; fileRef = 79F0227228F7E61B007D59B8 /* SetProfileImagesViewController.swift */; };
		79F0228C28FD0ECB007D59B8 /* Logger.swift in Sources */ = {isa = PBXBuildFile; fileRef = 79F0228B28FD0ECB007D59B8 /* Logger.swift */; };
		79F0228E28FD0FBA007D59B8 /* ApiStatusLogger.swift in Sources */ = {isa = PBXBuildFile; fileRef = 79F0228D28FD0FBA007D59B8 /* ApiStatusLogger.swift */; };
		79F022CC290A40F1007D59B8 /* MyImagesCollectionViewCell.swift in Sources */ = {isa = PBXBuildFile; fileRef = 79F022CB290A40F1007D59B8 /* MyImagesCollectionViewCell.swift */; };
		79F022D0290D8D91007D59B8 /* LanguagesTableViewCell.swift in Sources */ = {isa = PBXBuildFile; fileRef = 79F022CF290D8D91007D59B8 /* LanguagesTableViewCell.swift */; };
		79F022D629111100007D59B8 /* LanguagesViewController.swift in Sources */ = {isa = PBXBuildFile; fileRef = 79F022D529111100007D59B8 /* LanguagesViewController.swift */; };
		79F022D82913C0F5007D59B8 /* NationalityViewController.swift in Sources */ = {isa = PBXBuildFile; fileRef = 79F022D72913C0F5007D59B8 /* NationalityViewController.swift */; };
		79F0230B291CD4AA007D59B8 /* GatheringBoardCategoryViewController.swift in Sources */ = {isa = PBXBuildFile; fileRef = 79F0230A291CD4AA007D59B8 /* GatheringBoardCategoryViewController.swift */; };
		79F0230E291CDD82007D59B8 /* StepViewHeader.swift in Sources */ = {isa = PBXBuildFile; fileRef = 79F0230D291CDD82007D59B8 /* StepViewHeader.swift */; };
		A009BA98FC075813F10A8D71 /* Pods_Yogit.framework in Frameworks */ = {isa = PBXBuildFile; fileRef = 5C561DDF42CE314E98E58765 /* Pods_Yogit.framework */; };
		DD16F03C86774FA5A662C3C7 /* Pods_YogitTests.framework in Frameworks */ = {isa = PBXBuildFile; fileRef = EBD0C947752D4FAFE5B4DEA8 /* Pods_YogitTests.framework */; };
/* End PBXBuildFile section */

/* Begin PBXContainerItemProxy section */
		79A8F67F28C7240500FEBE90 /* PBXContainerItemProxy */ = {
			isa = PBXContainerItemProxy;
			containerPortal = 79A8F66028C7240300FEBE90 /* Project object */;
			proxyType = 1;
			remoteGlobalIDString = 79A8F66728C7240300FEBE90;
			remoteInfo = Yogit;
		};
		79A8F68928C7240500FEBE90 /* PBXContainerItemProxy */ = {
			isa = PBXContainerItemProxy;
			containerPortal = 79A8F66028C7240300FEBE90 /* Project object */;
			proxyType = 1;
			remoteGlobalIDString = 79A8F66728C7240300FEBE90;
			remoteInfo = Yogit;
		};
/* End PBXContainerItemProxy section */

/* Begin PBXFileReference section */
		0025A4626249580F54B283DD /* Pods-Yogit.release.xcconfig */ = {isa = PBXFileReference; includeInIndex = 1; lastKnownFileType = text.xcconfig; name = "Pods-Yogit.release.xcconfig"; path = "Target Support Files/Pods-Yogit/Pods-Yogit.release.xcconfig"; sourceTree = "<group>"; };
		0AF43ECE14A019C7FD06E989 /* Pods_Yogit_YogitUITests.framework */ = {isa = PBXFileReference; explicitFileType = wrapper.framework; includeInIndex = 0; path = Pods_Yogit_YogitUITests.framework; sourceTree = BUILT_PRODUCTS_DIR; };
		22D73898FE29443944759461 /* Pods-YogitTests.debug.xcconfig */ = {isa = PBXFileReference; includeInIndex = 1; lastKnownFileType = text.xcconfig; name = "Pods-YogitTests.debug.xcconfig"; path = "Target Support Files/Pods-YogitTests/Pods-YogitTests.debug.xcconfig"; sourceTree = "<group>"; };
		5C561DDF42CE314E98E58765 /* Pods_Yogit.framework */ = {isa = PBXFileReference; explicitFileType = wrapper.framework; includeInIndex = 0; path = Pods_Yogit.framework; sourceTree = BUILT_PRODUCTS_DIR; };
		79088AC728D89343008054F6 /* SessionManager.swift */ = {isa = PBXFileReference; lastKnownFileType = sourcecode.swift; path = SessionManager.swift; sourceTree = "<group>"; };
		79088B6528DD8297008054F6 /* SearchGatheringBoardViewController.swift */ = {isa = PBXFileReference; lastKnownFileType = sourcecode.swift; path = SearchGatheringBoardViewController.swift; sourceTree = "<group>"; };
		79088B6728DE1A66008054F6 /* SetProfileTableViewCell.swift */ = {isa = PBXFileReference; lastKnownFileType = sourcecode.swift; path = SetProfileTableViewCell.swift; sourceTree = "<group>"; };
		79088B7428E48D24008054F6 /* AlamofireManager.swift */ = {isa = PBXFileReference; lastKnownFileType = sourcecode.swift; path = AlamofireManager.swift; sourceTree = "<group>"; };
		79088B7628E490CA008054F6 /* BaseInterceptor.swift */ = {isa = PBXFileReference; lastKnownFileType = sourcecode.swift; path = BaseInterceptor.swift; sourceTree = "<group>"; };
		79088B7D28E4A81A008054F6 /* Constants.swift */ = {isa = PBXFileReference; lastKnownFileType = sourcecode.swift; path = Constants.swift; sourceTree = "<group>"; };
		79088B8328E5683F008054F6 /* KeyChainManager.swift */ = {isa = PBXFileReference; lastKnownFileType = sourcecode.swift; path = KeyChainManager.swift; sourceTree = "<group>"; };
		791C1E97292D3C9200623936 /* BoardMainCollectionTableViewCell.swift */ = {isa = PBXFileReference; lastKnownFileType = sourcecode.swift; path = BoardMainCollectionTableViewCell.swift; sourceTree = "<group>"; };
		791C1E99292D3CB000623936 /* ThumbnailCollectionViewCell.swift */ = {isa = PBXFileReference; lastKnownFileType = sourcecode.swift; path = ThumbnailCollectionViewCell.swift; sourceTree = "<group>"; };
		791C1E9D292E5F8E00623936 /* APIUser.swift */ = {isa = PBXFileReference; lastKnownFileType = sourcecode.swift; path = APIUser.swift; sourceTree = "<group>"; };
		791C1EA0292E600B00623936 /* APIGatheringBoard.swift */ = {isa = PBXFileReference; lastKnownFileType = sourcecode.swift; path = APIGatheringBoard.swift; sourceTree = "<group>"; };
		791C1EA2292E686900623936 /* APIConstants.swift */ = {isa = PBXFileReference; lastKnownFileType = sourcecode.swift; path = APIConstants.swift; sourceTree = "<group>"; };
		791C1EBE293251F600623936 /* GetProfileImagesViewController.swift */ = {isa = PBXFileReference; lastKnownFileType = sourcecode.swift; path = GetProfileImagesViewController.swift; sourceTree = "<group>"; };
		791C1EC229355F6A00623936 /* String.swift */ = {isa = PBXFileReference; lastKnownFileType = sourcecode.swift; path = String.swift; sourceTree = "<group>"; };
		791C1EC429355F7600623936 /* Date.swift */ = {isa = PBXFileReference; lastKnownFileType = sourcecode.swift; path = Date.swift; sourceTree = "<group>"; };
		791C1EEC2937C1A800623936 /* GatheringDetailBoardViewController.swift */ = {isa = PBXFileReference; lastKnownFileType = sourcecode.swift; path = GatheringDetailBoardViewController.swift; sourceTree = "<group>"; };
		791F6CF4294680D700C1D470 /* PushNoficationViewController.swift */ = {isa = PBXFileReference; lastKnownFileType = sourcecode.swift; path = PushNoficationViewController.swift; sourceTree = "<group>"; };
		791F6CF6294680E400C1D470 /* MyClubViewController.swift */ = {isa = PBXFileReference; lastKnownFileType = sourcecode.swift; path = MyClubViewController.swift; sourceTree = "<group>"; };
		791F6CF82948741C00C1D470 /* AlarmManager.swift */ = {isa = PBXFileReference; lastKnownFileType = sourcecode.swift; path = AlarmManager.swift; sourceTree = "<group>"; };
		791F6CFA294874E300C1D470 /* Alarm.swift */ = {isa = PBXFileReference; lastKnownFileType = sourcecode.swift; path = Alarm.swift; sourceTree = "<group>"; };
		791F6CFD294F765A00C1D470 /* GatheringBoardThumbnailCollectionViewCell.swift */ = {isa = PBXFileReference; lastKnownFileType = sourcecode.swift; path = GatheringBoardThumbnailCollectionViewCell.swift; sourceTree = "<group>"; };
		792A11BE295B63F200F67094 /* ChatViewController.swift */ = {isa = PBXFileReference; lastKnownFileType = sourcecode.swift; path = ChatViewController.swift; sourceTree = "<group>"; };
		792A11C0295C23E200F67094 /* BasicAudioController.swift */ = {isa = PBXFileReference; lastKnownFileType = sourcecode.swift; path = BasicAudioController.swift; sourceTree = "<group>"; };
		792A11C8295CB75400F67094 /* ContentSizedTableView.swift */ = {isa = PBXFileReference; lastKnownFileType = sourcecode.swift; path = ContentSizedTableView.swift; sourceTree = "<group>"; };
		792A11D72961BA0D00F67094 /* ClipBoardViewController.swift */ = {isa = PBXFileReference; lastKnownFileType = sourcecode.swift; path = ClipBoardViewController.swift; sourceTree = "<group>"; };
		792A11DA2962D73700F67094 /* ClipBoardRouter.swift */ = {isa = PBXFileReference; lastKnownFileType = sourcecode.swift; path = ClipBoardRouter.swift; sourceTree = "<group>"; };
		792A11DE2966956D00F67094 /* SettingProfileViewController.swift */ = {isa = PBXFileReference; lastKnownFileType = sourcecode.swift; path = SettingProfileViewController.swift; sourceTree = "<group>"; };
		79519FBE291D070400D8E6CF /* GatheringBoardCategoryTableViewCell.swift */ = {isa = PBXFileReference; lastKnownFileType = sourcecode.swift; path = GatheringBoardCategoryTableViewCell.swift; sourceTree = "<group>"; };
		79519FEE291E8DA300D8E6CF /* GatheringBoard.swift */ = {isa = PBXFileReference; lastKnownFileType = sourcecode.swift; path = GatheringBoard.swift; sourceTree = "<group>"; };
		79519FF0291E95E600D8E6CF /* Image.swift */ = {isa = PBXFileReference; lastKnownFileType = sourcecode.swift; path = Image.swift; sourceTree = "<group>"; };
		79519FF4291EA87B00D8E6CF /* GatheringBoardContentViewController.swift */ = {isa = PBXFileReference; lastKnownFileType = sourcecode.swift; path = GatheringBoardContentViewController.swift; sourceTree = "<group>"; };
		79519FF6291EA8E900D8E6CF /* GatheringBoardSelectImagesViewController.swift */ = {isa = PBXFileReference; lastKnownFileType = sourcecode.swift; path = GatheringBoardSelectImagesViewController.swift; sourceTree = "<group>"; };
		79519FFB291FB6B800D8E6CF /* TextField.swift */ = {isa = PBXFileReference; lastKnownFileType = sourcecode.swift; path = TextField.swift; sourceTree = "<group>"; };
		7951A0012921063D00D8E6CF /* LocationManager.swift */ = {isa = PBXFileReference; lastKnownFileType = sourcecode.swift; path = LocationManager.swift; sourceTree = "<group>"; };
		7951A00529211DF000D8E6CF /* MyMapViewController.swift */ = {isa = PBXFileReference; lastKnownFileType = sourcecode.swift; path = MyMapViewController.swift; sourceTree = "<group>"; };
		7951A0072921557D00D8E6CF /* MKResultsLocalSearchTableViewController.swift */ = {isa = PBXFileReference; lastKnownFileType = sourcecode.swift; path = MKResultsLocalSearchTableViewController.swift; sourceTree = "<group>"; };
		7951A04529217ABA00D8E6CF /* ResultsViewController.swift */ = {isa = PBXFileReference; lastKnownFileType = sourcecode.swift; path = ResultsViewController.swift; sourceTree = "<group>"; };
		7951A0472921862A00D8E6CF /* GooglePlacesManager.swift */ = {isa = PBXFileReference; lastKnownFileType = sourcecode.swift; path = GooglePlacesManager.swift; sourceTree = "<group>"; };
		7951A0862921B61C00D8E6CF /* MKMapLocalSearchViewController.swift */ = {isa = PBXFileReference; lastKnownFileType = sourcecode.swift; path = MKMapLocalSearchViewController.swift; sourceTree = "<group>"; };
		7951A08C2923744800D8E6CF /* MyTextViewTableViewCell.swift */ = {isa = PBXFileReference; lastKnownFileType = sourcecode.swift; path = MyTextViewTableViewCell.swift; sourceTree = "<group>"; };
		7951A08E29239C2100D8E6CF /* SelectLocationOptionViewController.swift */ = {isa = PBXFileReference; lastKnownFileType = sourcecode.swift; path = SelectLocationOptionViewController.swift; sourceTree = "<group>"; };
		7951A0B8292A240900D8E6CF /* GetProfileViewController.swift */ = {isa = PBXFileReference; lastKnownFileType = sourcecode.swift; path = GetProfileViewController.swift; sourceTree = "<group>"; };
		7951A0BB292A29F800D8E6CF /* ServiceTapBarViewController.swift */ = {isa = PBXFileReference; lastKnownFileType = sourcecode.swift; path = ServiceTapBarViewController.swift; sourceTree = "<group>"; };
		7951A0BD292A7D4300D8E6CF /* TimeMeasure.swift */ = {isa = PBXFileReference; lastKnownFileType = sourcecode.swift; path = TimeMeasure.swift; sourceTree = "<group>"; };
		7953ED29297025A2003ACB27 /* ProfileRouter.swift */ = {isa = PBXFileReference; lastKnownFileType = sourcecode.swift; path = ProfileRouter.swift; sourceTree = "<group>"; };
		7953ED30297435C8003ACB27 /* URLConvertible+Extension.swift */ = {isa = PBXFileReference; lastKnownFileType = sourcecode.swift; path = "URLConvertible+Extension.swift"; sourceTree = "<group>"; };
		7954854828D5CF99005ED367 /* Yogit.entitlements */ = {isa = PBXFileReference; lastKnownFileType = text.plist.entitlements; path = Yogit.entitlements; sourceTree = "<group>"; };
		7954854928D5D006005ED367 /* LoginViewController.swift */ = {isa = PBXFileReference; lastKnownFileType = sourcecode.swift; path = LoginViewController.swift; sourceTree = "<group>"; };
		795D9BBF28F1993300228E34 /* RequirementTableViewHeader.swift */ = {isa = PBXFileReference; lastKnownFileType = sourcecode.swift; path = RequirementTableViewHeader.swift; sourceTree = "<group>"; };
		795D9BC228F1B40F00228E34 /* SetProfileTableViewFooter.swift */ = {isa = PBXFileReference; lastKnownFileType = sourcecode.swift; path = SetProfileTableViewFooter.swift; sourceTree = "<group>"; };
		795D9BC428F1D4E300228E34 /* Color.swift */ = {isa = PBXFileReference; lastKnownFileType = sourcecode.swift; path = Color.swift; sourceTree = "<group>"; };
		795D9BC628F1F72900228E34 /* Layer.swift */ = {isa = PBXFileReference; lastKnownFileType = sourcecode.swift; path = Layer.swift; sourceTree = "<group>"; };
		7962CEE12938EF35007FCC10 /* BoardOptionsTableViewCell.swift */ = {isa = PBXFileReference; lastKnownFileType = sourcecode.swift; path = BoardOptionsTableViewCell.swift; sourceTree = "<group>"; };
		7962CEE32939174C007FCC10 /* GatheringBoardOptionViewController.swift */ = {isa = PBXFileReference; lastKnownFileType = sourcecode.swift; path = GatheringBoardOptionViewController.swift; sourceTree = "<group>"; };
		7962CEE729392C86007FCC10 /* MyHeaderView.swift */ = {isa = PBXFileReference; lastKnownFileType = sourcecode.swift; path = MyHeaderView.swift; sourceTree = "<group>"; };
		7962CEE9293BA5F9007FCC10 /* BoardInfoView.swift */ = {isa = PBXFileReference; lastKnownFileType = sourcecode.swift; path = BoardInfoView.swift; sourceTree = "<group>"; };
		7962CEED293C4302007FCC10 /* Encodable.swift */ = {isa = PBXFileReference; lastKnownFileType = sourcecode.swift; path = Encodable.swift; sourceTree = "<group>"; };
		7962CEEF293CBA24007FCC10 /* MemberImagesCollectionViewCell.swift */ = {isa = PBXFileReference; lastKnownFileType = sourcecode.swift; path = MemberImagesCollectionViewCell.swift; sourceTree = "<group>"; };
		7962CEF929408285007FCC10 /* APIClipBoard.swift */ = {isa = PBXFileReference; lastKnownFileType = sourcecode.swift; path = APIClipBoard.swift; sourceTree = "<group>"; };
		79730247298953DB006EFFB9 /* BoardUserRouter.swift */ = {isa = PBXFileReference; lastKnownFileType = sourcecode.swift; path = BoardUserRouter.swift; sourceTree = "<group>"; };
		7973024A298B99EF006EFFB9 /* JoinListViewController.swift */ = {isa = PBXFileReference; lastKnownFileType = sourcecode.swift; path = JoinListViewController.swift; sourceTree = "<group>"; };
		7973024C298B9C6F006EFFB9 /* JoinListTableViewCell.swift */ = {isa = PBXFileReference; lastKnownFileType = sourcecode.swift; path = JoinListTableViewCell.swift; sourceTree = "<group>"; };
		79730254298FFC68006EFFB9 /* LoadingFooterView.swift */ = {isa = PBXFileReference; lastKnownFileType = sourcecode.swift; path = LoadingFooterView.swift; sourceTree = "<group>"; };
		797302562990A8D8006EFFB9 /* ViewAllGatheringBoardsViewController.swift */ = {isa = PBXFileReference; lastKnownFileType = sourcecode.swift; path = ViewAllGatheringBoardsViewController.swift; sourceTree = "<group>"; };
		797302582990F168006EFFB9 /* SmallGatheringBoardTableViewCell.swift */ = {isa = PBXFileReference; lastKnownFileType = sourcecode.swift; path = SmallGatheringBoardTableViewCell.swift; sourceTree = "<group>"; };
		7973025A299102EC006EFFB9 /* CategoryImageViewCollectionViewCell.swift */ = {isa = PBXFileReference; lastKnownFileType = sourcecode.swift; path = CategoryImageViewCollectionViewCell.swift; sourceTree = "<group>"; };
		797302602997A540006EFFB9 /* APIReport.swift */ = {isa = PBXFileReference; lastKnownFileType = sourcecode.swift; path = APIReport.swift; sourceTree = "<group>"; };
		797302622997A6EE006EFFB9 /* BlockRouter.swift */ = {isa = PBXFileReference; lastKnownFileType = sourcecode.swift; path = BlockRouter.swift; sourceTree = "<group>"; };
		797302642997A71D006EFFB9 /* APIBlock.swift */ = {isa = PBXFileReference; lastKnownFileType = sourcecode.swift; path = APIBlock.swift; sourceTree = "<group>"; };
		797302672997EDB0006EFFB9 /* ReportViewController.swift */ = {isa = PBXFileReference; lastKnownFileType = sourcecode.swift; path = ReportViewController.swift; sourceTree = "<group>"; };
		7973026A299B896A006EFFB9 /* MainViewController.swift */ = {isa = PBXFileReference; lastKnownFileType = sourcecode.swift; path = MainViewController.swift; sourceTree = "<group>"; };
		79731FC529C32C970062D091 /* NotificationCenter+Extension.swift */ = {isa = PBXFileReference; lastKnownFileType = sourcecode.swift; path = "NotificationCenter+Extension.swift"; sourceTree = "<group>"; };
		7977FCAF29D69E5A008F5404 /* TermsOfServiceViewController.swift */ = {isa = PBXFileReference; lastKnownFileType = sourcecode.swift; path = TermsOfServiceViewController.swift; sourceTree = "<group>"; };
		79A8F66828C7240300FEBE90 /* Yogit.app */ = {isa = PBXFileReference; explicitFileType = wrapper.application; includeInIndex = 0; path = Yogit.app; sourceTree = BUILT_PRODUCTS_DIR; };
		79A8F66B28C7240300FEBE90 /* AppDelegate.swift */ = {isa = PBXFileReference; lastKnownFileType = sourcecode.swift; path = AppDelegate.swift; sourceTree = "<group>"; };
		79A8F66D28C7240300FEBE90 /* SceneDelegate.swift */ = {isa = PBXFileReference; lastKnownFileType = sourcecode.swift; path = SceneDelegate.swift; sourceTree = "<group>"; };
		79A8F66F28C7240300FEBE90 /* ViewController.swift */ = {isa = PBXFileReference; lastKnownFileType = sourcecode.swift; path = ViewController.swift; sourceTree = "<group>"; };
		79A8F67228C7240300FEBE90 /* Base */ = {isa = PBXFileReference; lastKnownFileType = file.storyboard; name = Base; path = Base.lproj/Main.storyboard; sourceTree = "<group>"; };
		79A8F67428C7240500FEBE90 /* Assets.xcassets */ = {isa = PBXFileReference; lastKnownFileType = folder.assetcatalog; path = Assets.xcassets; sourceTree = "<group>"; };
		79A8F67728C7240500FEBE90 /* Base */ = {isa = PBXFileReference; lastKnownFileType = file.storyboard; name = Base; path = Base.lproj/LaunchScreen.storyboard; sourceTree = "<group>"; };
		79A8F67928C7240500FEBE90 /* Info.plist */ = {isa = PBXFileReference; lastKnownFileType = text.plist.xml; path = Info.plist; sourceTree = "<group>"; };
		79A8F67E28C7240500FEBE90 /* YogitTests.xctest */ = {isa = PBXFileReference; explicitFileType = wrapper.cfbundle; includeInIndex = 0; path = YogitTests.xctest; sourceTree = BUILT_PRODUCTS_DIR; };
		79A8F68228C7240500FEBE90 /* YogitTests.swift */ = {isa = PBXFileReference; lastKnownFileType = sourcecode.swift; path = YogitTests.swift; sourceTree = "<group>"; };
		79A8F68828C7240500FEBE90 /* YogitUITests.xctest */ = {isa = PBXFileReference; explicitFileType = wrapper.cfbundle; includeInIndex = 0; path = YogitUITests.xctest; sourceTree = BUILT_PRODUCTS_DIR; };
		79A8F68C28C7240500FEBE90 /* YogitUITests.swift */ = {isa = PBXFileReference; lastKnownFileType = sourcecode.swift; path = YogitUITests.swift; sourceTree = "<group>"; };
		79A8F68E28C7240500FEBE90 /* YogitUITestsLaunchTests.swift */ = {isa = PBXFileReference; lastKnownFileType = sourcecode.swift; path = YogitUITestsLaunchTests.swift; sourceTree = "<group>"; };
		79A8F69F28C7611000FEBE90 /* PhoneNumberVerificationViewController.swift */ = {isa = PBXFileReference; lastKnownFileType = sourcecode.swift; path = PhoneNumberVerificationViewController.swift; sourceTree = "<group>"; };
		79A8F6A128C7615E00FEBE90 /* GetVerificationCodeViewController.swift */ = {isa = PBXFileReference; lastKnownFileType = sourcecode.swift; path = GetVerificationCodeViewController.swift; sourceTree = "<group>"; };
		79A8F6A628CDC95000FEBE90 /* User.swift */ = {isa = PBXFileReference; lastKnownFileType = sourcecode.swift; path = User.swift; sourceTree = "<group>"; };
		79A8F6AA28CDD65800FEBE90 /* SetProfileViewController.swift */ = {isa = PBXFileReference; lastKnownFileType = sourcecode.swift; path = SetProfileViewController.swift; sourceTree = "<group>"; };
		79C45CC5296B1FF000A5A59E /* UITabBarController+Extensions.swift */ = {isa = PBXFileReference; lastKnownFileType = sourcecode.swift; path = "UITabBarController+Extensions.swift"; sourceTree = "<group>"; };
		79C45CC7296F527200A5A59E /* UIViewController+Extensions.swift */ = {isa = PBXFileReference; lastKnownFileType = sourcecode.swift; path = "UIViewController+Extensions.swift"; sourceTree = "<group>"; };
		79D28AB6297882B600F4FD64 /* ImageManger.swift */ = {isa = PBXFileReference; lastKnownFileType = sourcecode.swift; path = ImageManger.swift; sourceTree = "<group>"; };
		79D28AB82978A0F600F4FD64 /* UIImageView+Extension.swift */ = {isa = PBXFileReference; lastKnownFileType = sourcecode.swift; path = "UIImageView+Extension.swift"; sourceTree = "<group>"; };
		79D28ABE297A8E5700F4FD64 /* AboutMeViewController.swift */ = {isa = PBXFileReference; lastKnownFileType = sourcecode.swift; path = AboutMeViewController.swift; sourceTree = "<group>"; };
		79D28AC0297A8E6700F4FD64 /* InterestsViewController.swift */ = {isa = PBXFileReference; lastKnownFileType = sourcecode.swift; path = InterestsViewController.swift; sourceTree = "<group>"; };
		79D28AC2297A8F4D00F4FD64 /* JobViewController.swift */ = {isa = PBXFileReference; lastKnownFileType = sourcecode.swift; path = JobViewController.swift; sourceTree = "<group>"; };
		79D28AC4297AF45F00F4FD64 /* NameViewController.swift */ = {isa = PBXFileReference; lastKnownFileType = sourcecode.swift; path = NameViewController.swift; sourceTree = "<group>"; };
		79D28AC6297E4AB200F4FD64 /* BoardRouter.swift */ = {isa = PBXFileReference; lastKnownFileType = sourcecode.swift; path = BoardRouter.swift; sourceTree = "<group>"; };
		79D28ACE29801B2800F4FD64 /* ReportRouter.swift */ = {isa = PBXFileReference; lastKnownFileType = sourcecode.swift; path = ReportRouter.swift; sourceTree = "<group>"; };
		79D28AD02981EA4D00F4FD64 /* SessionRouter.swift */ = {isa = PBXFileReference; lastKnownFileType = sourcecode.swift; path = SessionRouter.swift; sourceTree = "<group>"; };
		79D28AD2298227B500F4FD64 /* PushNotificationRouter.swift */ = {isa = PBXFileReference; lastKnownFileType = sourcecode.swift; path = PushNotificationRouter.swift; sourceTree = "<group>"; };
		79D28AD92987812900F4FD64 /* en */ = {isa = PBXFileReference; lastKnownFileType = text.plist.strings; name = en; path = en.lproj/Localizable.strings; sourceTree = "<group>"; };
		79D28ADB2987816300F4FD64 /* ko */ = {isa = PBXFileReference; lastKnownFileType = text.plist.strings; name = ko; path = ko.lproj/Localizable.strings; sourceTree = "<group>"; };
		79F0227228F7E61B007D59B8 /* SetProfileImagesViewController.swift */ = {isa = PBXFileReference; lastKnownFileType = sourcecode.swift; path = SetProfileImagesViewController.swift; sourceTree = "<group>"; };
		79F0228B28FD0ECB007D59B8 /* Logger.swift */ = {isa = PBXFileReference; lastKnownFileType = sourcecode.swift; path = Logger.swift; sourceTree = "<group>"; };
		79F0228D28FD0FBA007D59B8 /* ApiStatusLogger.swift */ = {isa = PBXFileReference; lastKnownFileType = sourcecode.swift; path = ApiStatusLogger.swift; sourceTree = "<group>"; };
		79F022CB290A40F1007D59B8 /* MyImagesCollectionViewCell.swift */ = {isa = PBXFileReference; lastKnownFileType = sourcecode.swift; path = MyImagesCollectionViewCell.swift; sourceTree = "<group>"; };
		79F022CF290D8D91007D59B8 /* LanguagesTableViewCell.swift */ = {isa = PBXFileReference; lastKnownFileType = sourcecode.swift; path = LanguagesTableViewCell.swift; sourceTree = "<group>"; };
		79F022D529111100007D59B8 /* LanguagesViewController.swift */ = {isa = PBXFileReference; lastKnownFileType = sourcecode.swift; path = LanguagesViewController.swift; sourceTree = "<group>"; };
		79F022D72913C0F5007D59B8 /* NationalityViewController.swift */ = {isa = PBXFileReference; lastKnownFileType = sourcecode.swift; path = NationalityViewController.swift; sourceTree = "<group>"; };
		79F0230A291CD4AA007D59B8 /* GatheringBoardCategoryViewController.swift */ = {isa = PBXFileReference; lastKnownFileType = sourcecode.swift; path = GatheringBoardCategoryViewController.swift; sourceTree = "<group>"; };
		79F0230D291CDD82007D59B8 /* StepViewHeader.swift */ = {isa = PBXFileReference; lastKnownFileType = sourcecode.swift; path = StepViewHeader.swift; sourceTree = "<group>"; };
		A91B298E4976BF076D5356F5 /* Pods-Yogit.debug.xcconfig */ = {isa = PBXFileReference; includeInIndex = 1; lastKnownFileType = text.xcconfig; name = "Pods-Yogit.debug.xcconfig"; path = "Target Support Files/Pods-Yogit/Pods-Yogit.debug.xcconfig"; sourceTree = "<group>"; };
		CDF969F75F176743AA43458E /* Pods-Yogit-YogitUITests.release.xcconfig */ = {isa = PBXFileReference; includeInIndex = 1; lastKnownFileType = text.xcconfig; name = "Pods-Yogit-YogitUITests.release.xcconfig"; path = "Target Support Files/Pods-Yogit-YogitUITests/Pods-Yogit-YogitUITests.release.xcconfig"; sourceTree = "<group>"; };
		EA2190888C6EF2BF299CCDAC /* Pods-Yogit-YogitUITests.debug.xcconfig */ = {isa = PBXFileReference; includeInIndex = 1; lastKnownFileType = text.xcconfig; name = "Pods-Yogit-YogitUITests.debug.xcconfig"; path = "Target Support Files/Pods-Yogit-YogitUITests/Pods-Yogit-YogitUITests.debug.xcconfig"; sourceTree = "<group>"; };
		EBD0C947752D4FAFE5B4DEA8 /* Pods_YogitTests.framework */ = {isa = PBXFileReference; explicitFileType = wrapper.framework; includeInIndex = 0; path = Pods_YogitTests.framework; sourceTree = BUILT_PRODUCTS_DIR; };
		F6AC242BBD427384B821DBBA /* Pods-YogitTests.release.xcconfig */ = {isa = PBXFileReference; includeInIndex = 1; lastKnownFileType = text.xcconfig; name = "Pods-YogitTests.release.xcconfig"; path = "Target Support Files/Pods-YogitTests/Pods-YogitTests.release.xcconfig"; sourceTree = "<group>"; };
/* End PBXFileReference section */

/* Begin PBXFrameworksBuildPhase section */
		79A8F66528C7240300FEBE90 /* Frameworks */ = {
			isa = PBXFrameworksBuildPhase;
			buildActionMask = 2147483647;
			files = (
				792A11D5295E1D5E00F67094 /* MessageKit in Frameworks */,
				A009BA98FC075813F10A8D71 /* Pods_Yogit.framework in Frameworks */,
			);
			runOnlyForDeploymentPostprocessing = 0;
		};
		79A8F67B28C7240500FEBE90 /* Frameworks */ = {
			isa = PBXFrameworksBuildPhase;
			buildActionMask = 2147483647;
			files = (
				DD16F03C86774FA5A662C3C7 /* Pods_YogitTests.framework in Frameworks */,
			);
			runOnlyForDeploymentPostprocessing = 0;
		};
		79A8F68528C7240500FEBE90 /* Frameworks */ = {
			isa = PBXFrameworksBuildPhase;
			buildActionMask = 2147483647;
			files = (
				3B35568AB55FD6E904533E04 /* Pods_Yogit_YogitUITests.framework in Frameworks */,
			);
			runOnlyForDeploymentPostprocessing = 0;
		};
/* End PBXFrameworksBuildPhase section */

/* Begin PBXGroup section */
		47DF8805B50D355E3FAD675B /* Pods */ = {
			isa = PBXGroup;
			children = (
				A91B298E4976BF076D5356F5 /* Pods-Yogit.debug.xcconfig */,
				0025A4626249580F54B283DD /* Pods-Yogit.release.xcconfig */,
				EA2190888C6EF2BF299CCDAC /* Pods-Yogit-YogitUITests.debug.xcconfig */,
				CDF969F75F176743AA43458E /* Pods-Yogit-YogitUITests.release.xcconfig */,
				22D73898FE29443944759461 /* Pods-YogitTests.debug.xcconfig */,
				F6AC242BBD427384B821DBBA /* Pods-YogitTests.release.xcconfig */,
			);
			path = Pods;
			sourceTree = "<group>";
		};
		69B7B31F1CF18B6460935026 /* Frameworks */ = {
			isa = PBXGroup;
			children = (
				5C561DDF42CE314E98E58765 /* Pods_Yogit.framework */,
				0AF43ECE14A019C7FD06E989 /* Pods_Yogit_YogitUITests.framework */,
				EBD0C947752D4FAFE5B4DEA8 /* Pods_YogitTests.framework */,
			);
			name = Frameworks;
			sourceTree = "<group>";
		};
		79088AC528D6EED6008054F6 /* Manager */ = {
			isa = PBXGroup;
			children = (
				79088AC728D89343008054F6 /* SessionManager.swift */,
				79088B8328E5683F008054F6 /* KeyChainManager.swift */,
				791F6CF82948741C00C1D470 /* AlarmManager.swift */,
				7951A0012921063D00D8E6CF /* LocationManager.swift */,
				7951A0472921862A00D8E6CF /* GooglePlacesManager.swift */,
				79D28AB6297882B600F4FD64 /* ImageManger.swift */,
			);
			path = Manager;
			sourceTree = "<group>";
		};
		79088B7C28E4A7DC008054F6 /* Utils */ = {
			isa = PBXGroup;
			children = (
				79088B7D28E4A81A008054F6 /* Constants.swift */,
				795D9BC428F1D4E300228E34 /* Color.swift */,
				795D9BC628F1F72900228E34 /* Layer.swift */,
				79519FF0291E95E600D8E6CF /* Image.swift */,
				79519FFB291FB6B800D8E6CF /* TextField.swift */,
				791C1EC229355F6A00623936 /* String.swift */,
				791C1EC429355F7600623936 /* Date.swift */,
				7951A0BD292A7D4300D8E6CF /* TimeMeasure.swift */,
				7962CEED293C4302007FCC10 /* Encodable.swift */,
				79C45CC5296B1FF000A5A59E /* UITabBarController+Extensions.swift */,
				79C45CC7296F527200A5A59E /* UIViewController+Extensions.swift */,
				7953ED30297435C8003ACB27 /* URLConvertible+Extension.swift */,
				79D28AB82978A0F600F4FD64 /* UIImageView+Extension.swift */,
				79731FC529C32C970062D091 /* NotificationCenter+Extension.swift */,
			);
			path = Utils;
			sourceTree = "<group>";
		};
		79088B8028E4AA2E008054F6 /* ViewCells */ = {
			isa = PBXGroup;
			children = (
				79088B6728DE1A66008054F6 /* SetProfileTableViewCell.swift */,
				79F022CB290A40F1007D59B8 /* MyImagesCollectionViewCell.swift */,
				7962CEE12938EF35007FCC10 /* BoardOptionsTableViewCell.swift */,
				79F022CF290D8D91007D59B8 /* LanguagesTableViewCell.swift */,
				79519FBE291D070400D8E6CF /* GatheringBoardCategoryTableViewCell.swift */,
				7962CEEF293CBA24007FCC10 /* MemberImagesCollectionViewCell.swift */,
				791F6CFD294F765A00C1D470 /* GatheringBoardThumbnailCollectionViewCell.swift */,
				7973025A299102EC006EFFB9 /* CategoryImageViewCollectionViewCell.swift */,
				7973024C298B9C6F006EFFB9 /* JoinListTableViewCell.swift */,
				797302582990F168006EFFB9 /* SmallGatheringBoardTableViewCell.swift */,
			);
			path = ViewCells;
			sourceTree = "<group>";
		};
		791C1E96292D3C5800623936 /* SearchGatheringBoard */ = {
			isa = PBXGroup;
			children = (
				797302562990A8D8006EFFB9 /* ViewAllGatheringBoardsViewController.swift */,
				79088B6528DD8297008054F6 /* SearchGatheringBoardViewController.swift */,
				791C1E97292D3C9200623936 /* BoardMainCollectionTableViewCell.swift */,
				791C1E99292D3CB000623936 /* ThumbnailCollectionViewCell.swift */,
			);
			path = SearchGatheringBoard;
			sourceTree = "<group>";
		};
		791C1E9F292E5FD800623936 /* APIModel */ = {
			isa = PBXGroup;
			children = (
				791C1EA2292E686900623936 /* APIConstants.swift */,
				791C1E9D292E5F8E00623936 /* APIUser.swift */,
				791C1EA0292E600B00623936 /* APIGatheringBoard.swift */,
				7962CEF929408285007FCC10 /* APIClipBoard.swift */,
				797302602997A540006EFFB9 /* APIReport.swift */,
				797302642997A71D006EFFB9 /* APIBlock.swift */,
			);
			path = APIModel;
			sourceTree = "<group>";
		};
		791F6CAF2940F77000C1D470 /* ClipBoard */ = {
			isa = PBXGroup;
			children = (
				792A11D72961BA0D00F67094 /* ClipBoardViewController.swift */,
				792A11BE295B63F200F67094 /* ChatViewController.swift */,
				792A11C0295C23E200F67094 /* BasicAudioController.swift */,
			);
			path = ClipBoard;
			sourceTree = "<group>";
		};
		792A11D92962D71D00F67094 /* Router */ = {
			isa = PBXGroup;
			children = (
				792A11DA2962D73700F67094 /* ClipBoardRouter.swift */,
				7953ED29297025A2003ACB27 /* ProfileRouter.swift */,
				79D28AC6297E4AB200F4FD64 /* BoardRouter.swift */,
				79730247298953DB006EFFB9 /* BoardUserRouter.swift */,
				79D28ACE29801B2800F4FD64 /* ReportRouter.swift */,
				79D28AD02981EA4D00F4FD64 /* SessionRouter.swift */,
				79D28AD2298227B500F4FD64 /* PushNotificationRouter.swift */,
				797302622997A6EE006EFFB9 /* BlockRouter.swift */,
			);
			path = Router;
			sourceTree = "<group>";
		};
		792A11DC2966951400F67094 /* MyClub */ = {
			isa = PBXGroup;
			children = (
				791F6CF6294680E400C1D470 /* MyClubViewController.swift */,
			);
			path = MyClub;
			sourceTree = "<group>";
		};
		792A11DD2966952B00F67094 /* PushNotification */ = {
			isa = PBXGroup;
			children = (
				791F6CF4294680D700C1D470 /* PushNoficationViewController.swift */,
			);
			path = PushNotification;
			sourceTree = "<group>";
		};
		79519FF8291EA92F00D8E6CF /* WriteGatheringBoardVC */ = {
			isa = PBXGroup;
			children = (
				7962CEDB29383F40007FCC10 /* BoardStep */,
				7951A08B29226C0800D8E6CF /* AppleMKLocalSearch */,
				7951A08A29226BF200D8E6CF /* GooglePlaceApi */,
				79519FF6291EA8E900D8E6CF /* GatheringBoardSelectImagesViewController.swift */,
				7951A08E29239C2100D8E6CF /* SelectLocationOptionViewController.swift */,
			);
			path = WriteGatheringBoardVC;
			sourceTree = "<group>";
		};
		7951A08A29226BF200D8E6CF /* GooglePlaceApi */ = {
			isa = PBXGroup;
			children = (
				7951A00529211DF000D8E6CF /* MyMapViewController.swift */,
				7951A04529217ABA00D8E6CF /* ResultsViewController.swift */,
			);
			path = GooglePlaceApi;
			sourceTree = "<group>";
		};
		7951A08B29226C0800D8E6CF /* AppleMKLocalSearch */ = {
			isa = PBXGroup;
			children = (
				7951A0862921B61C00D8E6CF /* MKMapLocalSearchViewController.swift */,
				7951A0072921557D00D8E6CF /* MKResultsLocalSearchTableViewController.swift */,
			);
			path = AppleMKLocalSearch;
			sourceTree = "<group>";
		};
		7951A0BA292A247100D8E6CF /* ServiceVC */ = {
			isa = PBXGroup;
			children = (
				79D28ACD297F07CD00F4FD64 /* ServiceTapBar */,
				79730269299B8927006EFFB9 /* Home */,
				79D28ACC297F077F00F4FD64 /* Profile */,
				791C1E96292D3C5800623936 /* SearchGatheringBoard */,
				792A11DC2966951400F67094 /* MyClub */,
				792A11DD2966952B00F67094 /* PushNotification */,
			);
			path = ServiceVC;
			sourceTree = "<group>";
		};
		795D9BC128F1993F00228E34 /* ViewHeaderFooters */ = {
			isa = PBXGroup;
			children = (
				795D9BBF28F1993300228E34 /* RequirementTableViewHeader.swift */,
				795D9BC228F1B40F00228E34 /* SetProfileTableViewFooter.swift */,
			);
			path = ViewHeaderFooters;
			sourceTree = "<group>";
		};
		7962CEDB29383F40007FCC10 /* BoardStep */ = {
			isa = PBXGroup;
			children = (
				79F0230A291CD4AA007D59B8 /* GatheringBoardCategoryViewController.swift */,
				7962CEE32939174C007FCC10 /* GatheringBoardOptionViewController.swift */,
				79519FF4291EA87B00D8E6CF /* GatheringBoardContentViewController.swift */,
			);
			path = BoardStep;
			sourceTree = "<group>";
		};
		7962CEDC29383F8E007FCC10 /* ReadGatheringBoardVC */ = {
			isa = PBXGroup;
			children = (
				791C1EEC2937C1A800623936 /* GatheringDetailBoardViewController.swift */,
				791F6CAF2940F77000C1D470 /* ClipBoard */,
			);
			path = ReadGatheringBoardVC;
			sourceTree = "<group>";
		};
		7962CEDD29383FDD007FCC10 /* WriteProfileVC */ = {
			isa = PBXGroup;
			children = (
				79A8F6AA28CDD65800FEBE90 /* SetProfileViewController.swift */,
				79F0227228F7E61B007D59B8 /* SetProfileImagesViewController.swift */,
				79D28AC4297AF45F00F4FD64 /* NameViewController.swift */,
				79F022D529111100007D59B8 /* LanguagesViewController.swift */,
				79F022D72913C0F5007D59B8 /* NationalityViewController.swift */,
				79D28AC2297A8F4D00F4FD64 /* JobViewController.swift */,
				79D28ABE297A8E5700F4FD64 /* AboutMeViewController.swift */,
				79D28AC0297A8E6700F4FD64 /* InterestsViewController.swift */,
				7977FCAF29D69E5A008F5404 /* TermsOfServiceViewController.swift */,
			);
			path = WriteProfileVC;
			sourceTree = "<group>";
		};
		7962CEDE29384055007FCC10 /* LogInVC */ = {
			isa = PBXGroup;
			children = (
				7954854928D5D006005ED367 /* LoginViewController.swift */,
			);
			path = LogInVC;
			sourceTree = "<group>";
		};
		79730249298B99CF006EFFB9 /* GatheringBoardUser */ = {
			isa = PBXGroup;
			children = (
				7973024A298B99EF006EFFB9 /* JoinListViewController.swift */,
			);
			path = GatheringBoardUser;
			sourceTree = "<group>";
		};
		797302662997ED9B006EFFB9 /* ReportVC */ = {
			isa = PBXGroup;
			children = (
				797302672997EDB0006EFFB9 /* ReportViewController.swift */,
			);
			path = ReportVC;
			sourceTree = "<group>";
		};
		79730269299B8927006EFFB9 /* Home */ = {
			isa = PBXGroup;
			children = (
				7973026A299B896A006EFFB9 /* MainViewController.swift */,
			);
			path = Home;
			sourceTree = "<group>";
		};
		7977FCB129D84D69008F5404 /* Logger */ = {
			isa = PBXGroup;
			children = (
				79F0228B28FD0ECB007D59B8 /* Logger.swift */,
				79F0228D28FD0FBA007D59B8 /* ApiStatusLogger.swift */,
			);
			path = Logger;
			sourceTree = "<group>";
		};
		7977FCB229D84D78008F5404 /* Interceptor */ = {
			isa = PBXGroup;
			children = (
				79088B7628E490CA008054F6 /* BaseInterceptor.swift */,
			);
			path = Interceptor;
			sourceTree = "<group>";
		};
		7977FCB329D84D8B008F5404 /* Manager */ = {
			isa = PBXGroup;
			children = (
				79088B7428E48D24008054F6 /* AlamofireManager.swift */,
			);
			path = Manager;
			sourceTree = "<group>";
		};
		79A8F65F28C7240300FEBE90 = {
			isa = PBXGroup;
			children = (
				79A8F66A28C7240300FEBE90 /* Yogit */,
				79A8F68128C7240500FEBE90 /* YogitTests */,
				79A8F68B28C7240500FEBE90 /* YogitUITests */,
				79A8F66928C7240300FEBE90 /* Products */,
				47DF8805B50D355E3FAD675B /* Pods */,
				69B7B31F1CF18B6460935026 /* Frameworks */,
			);
			sourceTree = "<group>";
		};
		79A8F66928C7240300FEBE90 /* Products */ = {
			isa = PBXGroup;
			children = (
				79A8F66828C7240300FEBE90 /* Yogit.app */,
				79A8F67E28C7240500FEBE90 /* YogitTests.xctest */,
				79A8F68828C7240500FEBE90 /* YogitUITests.xctest */,
			);
			name = Products;
			sourceTree = "<group>";
		};
		79A8F66A28C7240300FEBE90 /* Yogit */ = {
			isa = PBXGroup;
			children = (
				7954854828D5CF99005ED367 /* Yogit.entitlements */,
				79A8F69B28C75CEE00FEBE90 /* Application */,
				79A8F69C28C75F3900FEBE90 /* ViewControllers */,
				79088B8028E4AA2E008054F6 /* ViewCells */,
				795D9BC128F1993F00228E34 /* ViewHeaderFooters */,
				79F0230C291CDCFD007D59B8 /* Views */,
				79A8F69D28C75F4B00FEBE90 /* Models */,
				79088AC528D6EED6008054F6 /* Manager */,
				79A8F6E928D1F16000FEBE90 /* Network */,
				79088B7C28E4A7DC008054F6 /* Utils */,
				79A8F66F28C7240300FEBE90 /* ViewController.swift */,
				79A8F69F28C7611000FEBE90 /* PhoneNumberVerificationViewController.swift */,
				79A8F6A128C7615E00FEBE90 /* GetVerificationCodeViewController.swift */,
				79A8F67128C7240300FEBE90 /* Main.storyboard */,
				79A8F67428C7240500FEBE90 /* Assets.xcassets */,
				79A8F67628C7240500FEBE90 /* LaunchScreen.storyboard */,
				79A8F67928C7240500FEBE90 /* Info.plist */,
				79D28ADA2987812900F4FD64 /* Localizable.strings */,
			);
			path = Yogit;
			sourceTree = "<group>";
		};
		79A8F68128C7240500FEBE90 /* YogitTests */ = {
			isa = PBXGroup;
			children = (
				79A8F68228C7240500FEBE90 /* YogitTests.swift */,
			);
			path = YogitTests;
			sourceTree = "<group>";
		};
		79A8F68B28C7240500FEBE90 /* YogitUITests */ = {
			isa = PBXGroup;
			children = (
				79A8F68C28C7240500FEBE90 /* YogitUITests.swift */,
				79A8F68E28C7240500FEBE90 /* YogitUITestsLaunchTests.swift */,
			);
			path = YogitUITests;
			sourceTree = "<group>";
		};
		79A8F69B28C75CEE00FEBE90 /* Application */ = {
			isa = PBXGroup;
			children = (
				79A8F66B28C7240300FEBE90 /* AppDelegate.swift */,
				79A8F66D28C7240300FEBE90 /* SceneDelegate.swift */,
			);
			path = Application;
			sourceTree = "<group>";
		};
		79A8F69C28C75F3900FEBE90 /* ViewControllers */ = {
			isa = PBXGroup;
			children = (
				797302662997ED9B006EFFB9 /* ReportVC */,
				79730249298B99CF006EFFB9 /* GatheringBoardUser */,
				7962CEDE29384055007FCC10 /* LogInVC */,
				7962CEDD29383FDD007FCC10 /* WriteProfileVC */,
				7951A0BA292A247100D8E6CF /* ServiceVC */,
				79519FF8291EA92F00D8E6CF /* WriteGatheringBoardVC */,
				7962CEDC29383F8E007FCC10 /* ReadGatheringBoardVC */,
			);
			path = ViewControllers;
			sourceTree = "<group>";
		};
		79A8F69D28C75F4B00FEBE90 /* Models */ = {
			isa = PBXGroup;
			children = (
				79A8F6A628CDC95000FEBE90 /* User.swift */,
				79519FEE291E8DA300D8E6CF /* GatheringBoard.swift */,
				791F6CFA294874E300C1D470 /* Alarm.swift */,
			);
			path = Models;
			sourceTree = "<group>";
		};
		79A8F6E928D1F16000FEBE90 /* Network */ = {
			isa = PBXGroup;
			children = (
				7977FCB329D84D8B008F5404 /* Manager */,
				7977FCB229D84D78008F5404 /* Interceptor */,
				7977FCB129D84D69008F5404 /* Logger */,
				792A11D92962D71D00F67094 /* Router */,
				791C1E9F292E5FD800623936 /* APIModel */,
			);
			path = Network;
			sourceTree = "<group>";
		};
		79D28ACC297F077F00F4FD64 /* Profile */ = {
			isa = PBXGroup;
			children = (
				7951A0B8292A240900D8E6CF /* GetProfileViewController.swift */,
				791C1EBE293251F600623936 /* GetProfileImagesViewController.swift */,
				792A11DE2966956D00F67094 /* SettingProfileViewController.swift */,
			);
			path = Profile;
			sourceTree = "<group>";
		};
		79D28ACD297F07CD00F4FD64 /* ServiceTapBar */ = {
			isa = PBXGroup;
			children = (
				7951A0BB292A29F800D8E6CF /* ServiceTapBarViewController.swift */,
			);
			path = ServiceTapBar;
			sourceTree = "<group>";
		};
		79F0230C291CDCFD007D59B8 /* Views */ = {
			isa = PBXGroup;
			children = (
				79730254298FFC68006EFFB9 /* LoadingFooterView.swift */,
				7962CEE729392C86007FCC10 /* MyHeaderView.swift */,
				7962CEE9293BA5F9007FCC10 /* BoardInfoView.swift */,
				7951A08C2923744800D8E6CF /* MyTextViewTableViewCell.swift */,
				79F0230D291CDD82007D59B8 /* StepViewHeader.swift */,
				792A11C8295CB75400F67094 /* ContentSizedTableView.swift */,
			);
			path = Views;
			sourceTree = "<group>";
		};
/* End PBXGroup section */

/* Begin PBXNativeTarget section */
		79A8F66728C7240300FEBE90 /* Yogit */ = {
			isa = PBXNativeTarget;
			buildConfigurationList = 79A8F69228C7240500FEBE90 /* Build configuration list for PBXNativeTarget "Yogit" */;
			buildPhases = (
				4FFC5332F3CCDB9982FDD0D6 /* [CP] Check Pods Manifest.lock */,
				79A8F66428C7240300FEBE90 /* Sources */,
				79A8F66528C7240300FEBE90 /* Frameworks */,
				79A8F66628C7240300FEBE90 /* Resources */,
				776C921317DD11F66C96D4C3 /* [CP] Embed Pods Frameworks */,
			);
			buildRules = (
			);
			dependencies = (
			);
			name = Yogit;
			packageProductDependencies = (
				792A11D4295E1D5E00F67094 /* MessageKit */,
			);
			productName = Yogit;
			productReference = 79A8F66828C7240300FEBE90 /* Yogit.app */;
			productType = "com.apple.product-type.application";
		};
		79A8F67D28C7240500FEBE90 /* YogitTests */ = {
			isa = PBXNativeTarget;
			buildConfigurationList = 79A8F69528C7240500FEBE90 /* Build configuration list for PBXNativeTarget "YogitTests" */;
			buildPhases = (
				5EABDA6AAC0DC0C26F7CD67E /* [CP] Check Pods Manifest.lock */,
				79A8F67A28C7240500FEBE90 /* Sources */,
				79A8F67B28C7240500FEBE90 /* Frameworks */,
				79A8F67C28C7240500FEBE90 /* Resources */,
			);
			buildRules = (
			);
			dependencies = (
				79A8F68028C7240500FEBE90 /* PBXTargetDependency */,
			);
			name = YogitTests;
			productName = YogitTests;
			productReference = 79A8F67E28C7240500FEBE90 /* YogitTests.xctest */;
			productType = "com.apple.product-type.bundle.unit-test";
		};
		79A8F68728C7240500FEBE90 /* YogitUITests */ = {
			isa = PBXNativeTarget;
			buildConfigurationList = 79A8F69828C7240500FEBE90 /* Build configuration list for PBXNativeTarget "YogitUITests" */;
			buildPhases = (
				7BFCBD82A327F37A04E1BD9F /* [CP] Check Pods Manifest.lock */,
				79A8F68428C7240500FEBE90 /* Sources */,
				79A8F68528C7240500FEBE90 /* Frameworks */,
				79A8F68628C7240500FEBE90 /* Resources */,
				66E66E70570781272246ADBC /* [CP] Embed Pods Frameworks */,
			);
			buildRules = (
			);
			dependencies = (
				79A8F68A28C7240500FEBE90 /* PBXTargetDependency */,
			);
			name = YogitUITests;
			productName = YogitUITests;
			productReference = 79A8F68828C7240500FEBE90 /* YogitUITests.xctest */;
			productType = "com.apple.product-type.bundle.ui-testing";
		};
/* End PBXNativeTarget section */

/* Begin PBXProject section */
		79A8F66028C7240300FEBE90 /* Project object */ = {
			isa = PBXProject;
			attributes = {
				BuildIndependentTargetsInParallel = 1;
				LastSwiftUpdateCheck = 1330;
				LastUpgradeCheck = 1330;
				TargetAttributes = {
					79A8F66728C7240300FEBE90 = {
						CreatedOnToolsVersion = 13.3;
					};
					79A8F67D28C7240500FEBE90 = {
						CreatedOnToolsVersion = 13.3;
						TestTargetID = 79A8F66728C7240300FEBE90;
					};
					79A8F68728C7240500FEBE90 = {
						CreatedOnToolsVersion = 13.3;
						TestTargetID = 79A8F66728C7240300FEBE90;
					};
				};
			};
			buildConfigurationList = 79A8F66328C7240300FEBE90 /* Build configuration list for PBXProject "Yogit" */;
			compatibilityVersion = "Xcode 13.0";
			developmentRegion = en;
			hasScannedForEncodings = 0;
			knownRegions = (
				en,
				Base,
				ko,
			);
			mainGroup = 79A8F65F28C7240300FEBE90;
			packageReferences = (
				792A11D3295E1D5D00F67094 /* XCRemoteSwiftPackageReference "MessageKit" */,
			);
			productRefGroup = 79A8F66928C7240300FEBE90 /* Products */;
			projectDirPath = "";
			projectRoot = "";
			targets = (
				79A8F66728C7240300FEBE90 /* Yogit */,
				79A8F67D28C7240500FEBE90 /* YogitTests */,
				79A8F68728C7240500FEBE90 /* YogitUITests */,
			);
		};
/* End PBXProject section */

/* Begin PBXResourcesBuildPhase section */
		79A8F66628C7240300FEBE90 /* Resources */ = {
			isa = PBXResourcesBuildPhase;
			buildActionMask = 2147483647;
			files = (
				79A8F67828C7240500FEBE90 /* LaunchScreen.storyboard in Resources */,
				79D28AD82987812900F4FD64 /* Localizable.strings in Resources */,
				79A8F67528C7240500FEBE90 /* Assets.xcassets in Resources */,
				79A8F67328C7240300FEBE90 /* Main.storyboard in Resources */,
			);
			runOnlyForDeploymentPostprocessing = 0;
		};
		79A8F67C28C7240500FEBE90 /* Resources */ = {
			isa = PBXResourcesBuildPhase;
			buildActionMask = 2147483647;
			files = (
			);
			runOnlyForDeploymentPostprocessing = 0;
		};
		79A8F68628C7240500FEBE90 /* Resources */ = {
			isa = PBXResourcesBuildPhase;
			buildActionMask = 2147483647;
			files = (
			);
			runOnlyForDeploymentPostprocessing = 0;
		};
/* End PBXResourcesBuildPhase section */

/* Begin PBXShellScriptBuildPhase section */
		4FFC5332F3CCDB9982FDD0D6 /* [CP] Check Pods Manifest.lock */ = {
			isa = PBXShellScriptBuildPhase;
			buildActionMask = 2147483647;
			files = (
			);
			inputFileListPaths = (
			);
			inputPaths = (
				"${PODS_PODFILE_DIR_PATH}/Podfile.lock",
				"${PODS_ROOT}/Manifest.lock",
			);
			name = "[CP] Check Pods Manifest.lock";
			outputFileListPaths = (
			);
			outputPaths = (
				"$(DERIVED_FILE_DIR)/Pods-Yogit-checkManifestLockResult.txt",
			);
			runOnlyForDeploymentPostprocessing = 0;
			shellPath = /bin/sh;
			shellScript = "diff \"${PODS_PODFILE_DIR_PATH}/Podfile.lock\" \"${PODS_ROOT}/Manifest.lock\" > /dev/null\nif [ $? != 0 ] ; then\n    # print error to STDERR\n    echo \"error: The sandbox is not in sync with the Podfile.lock. Run 'pod install' or update your CocoaPods installation.\" >&2\n    exit 1\nfi\n# This output is used by Xcode 'outputs' to avoid re-running this script phase.\necho \"SUCCESS\" > \"${SCRIPT_OUTPUT_FILE_0}\"\n";
			showEnvVarsInLog = 0;
		};
		5EABDA6AAC0DC0C26F7CD67E /* [CP] Check Pods Manifest.lock */ = {
			isa = PBXShellScriptBuildPhase;
			buildActionMask = 2147483647;
			files = (
			);
			inputFileListPaths = (
			);
			inputPaths = (
				"${PODS_PODFILE_DIR_PATH}/Podfile.lock",
				"${PODS_ROOT}/Manifest.lock",
			);
			name = "[CP] Check Pods Manifest.lock";
			outputFileListPaths = (
			);
			outputPaths = (
				"$(DERIVED_FILE_DIR)/Pods-YogitTests-checkManifestLockResult.txt",
			);
			runOnlyForDeploymentPostprocessing = 0;
			shellPath = /bin/sh;
			shellScript = "diff \"${PODS_PODFILE_DIR_PATH}/Podfile.lock\" \"${PODS_ROOT}/Manifest.lock\" > /dev/null\nif [ $? != 0 ] ; then\n    # print error to STDERR\n    echo \"error: The sandbox is not in sync with the Podfile.lock. Run 'pod install' or update your CocoaPods installation.\" >&2\n    exit 1\nfi\n# This output is used by Xcode 'outputs' to avoid re-running this script phase.\necho \"SUCCESS\" > \"${SCRIPT_OUTPUT_FILE_0}\"\n";
			showEnvVarsInLog = 0;
		};
		66E66E70570781272246ADBC /* [CP] Embed Pods Frameworks */ = {
			isa = PBXShellScriptBuildPhase;
			buildActionMask = 2147483647;
			files = (
			);
			inputFileListPaths = (
				"${PODS_ROOT}/Target Support Files/Pods-Yogit-YogitUITests/Pods-Yogit-YogitUITests-frameworks-${CONFIGURATION}-input-files.xcfilelist",
			);
			name = "[CP] Embed Pods Frameworks";
			outputFileListPaths = (
				"${PODS_ROOT}/Target Support Files/Pods-Yogit-YogitUITests/Pods-Yogit-YogitUITests-frameworks-${CONFIGURATION}-output-files.xcfilelist",
			);
			runOnlyForDeploymentPostprocessing = 0;
			shellPath = /bin/sh;
			shellScript = "\"${PODS_ROOT}/Target Support Files/Pods-Yogit-YogitUITests/Pods-Yogit-YogitUITests-frameworks.sh\"\n";
			showEnvVarsInLog = 0;
		};
		776C921317DD11F66C96D4C3 /* [CP] Embed Pods Frameworks */ = {
			isa = PBXShellScriptBuildPhase;
			buildActionMask = 2147483647;
			files = (
			);
			inputFileListPaths = (
				"${PODS_ROOT}/Target Support Files/Pods-Yogit/Pods-Yogit-frameworks-${CONFIGURATION}-input-files.xcfilelist",
			);
			name = "[CP] Embed Pods Frameworks";
			outputFileListPaths = (
				"${PODS_ROOT}/Target Support Files/Pods-Yogit/Pods-Yogit-frameworks-${CONFIGURATION}-output-files.xcfilelist",
			);
			runOnlyForDeploymentPostprocessing = 0;
			shellPath = /bin/sh;
			shellScript = "\"${PODS_ROOT}/Target Support Files/Pods-Yogit/Pods-Yogit-frameworks.sh\"\n";
			showEnvVarsInLog = 0;
		};
		7BFCBD82A327F37A04E1BD9F /* [CP] Check Pods Manifest.lock */ = {
			isa = PBXShellScriptBuildPhase;
			buildActionMask = 2147483647;
			files = (
			);
			inputFileListPaths = (
			);
			inputPaths = (
				"${PODS_PODFILE_DIR_PATH}/Podfile.lock",
				"${PODS_ROOT}/Manifest.lock",
			);
			name = "[CP] Check Pods Manifest.lock";
			outputFileListPaths = (
			);
			outputPaths = (
				"$(DERIVED_FILE_DIR)/Pods-Yogit-YogitUITests-checkManifestLockResult.txt",
			);
			runOnlyForDeploymentPostprocessing = 0;
			shellPath = /bin/sh;
			shellScript = "diff \"${PODS_PODFILE_DIR_PATH}/Podfile.lock\" \"${PODS_ROOT}/Manifest.lock\" > /dev/null\nif [ $? != 0 ] ; then\n    # print error to STDERR\n    echo \"error: The sandbox is not in sync with the Podfile.lock. Run 'pod install' or update your CocoaPods installation.\" >&2\n    exit 1\nfi\n# This output is used by Xcode 'outputs' to avoid re-running this script phase.\necho \"SUCCESS\" > \"${SCRIPT_OUTPUT_FILE_0}\"\n";
			showEnvVarsInLog = 0;
		};
/* End PBXShellScriptBuildPhase section */

/* Begin PBXSourcesBuildPhase section */
		79A8F66428C7240300FEBE90 /* Sources */ = {
			isa = PBXSourcesBuildPhase;
			buildActionMask = 2147483647;
			files = (
				7951A08D2923744800D8E6CF /* MyTextViewTableViewCell.swift in Sources */,
				7951A00629211DF000D8E6CF /* MyMapViewController.swift in Sources */,
				79D28ABF297A8E5700F4FD64 /* AboutMeViewController.swift in Sources */,
				7951A0872921B61C00D8E6CF /* MKMapLocalSearchViewController.swift in Sources */,
				7973024B298B99EF006EFFB9 /* JoinListViewController.swift in Sources */,
				791C1E9E292E5F8E00623936 /* APIUser.swift in Sources */,
				791C1EA3292E686900623936 /* APIConstants.swift in Sources */,
				7962CEFA29408285007FCC10 /* APIClipBoard.swift in Sources */,
				792A11DF2966956D00F67094 /* SettingProfileViewController.swift in Sources */,
				7977FCB029D69E5A008F5404 /* TermsOfServiceViewController.swift in Sources */,
				79A8F6A228C7615E00FEBE90 /* GetVerificationCodeViewController.swift in Sources */,
				7951A04629217ABA00D8E6CF /* ResultsViewController.swift in Sources */,
				79D28AB92978A0F600F4FD64 /* UIImageView+Extension.swift in Sources */,
				792A11DB2962D73700F67094 /* ClipBoardRouter.swift in Sources */,
				791F6CF92948741C00C1D470 /* AlarmManager.swift in Sources */,
				7951A08F29239C2100D8E6CF /* SelectLocationOptionViewController.swift in Sources */,
				797302592990F168006EFFB9 /* SmallGatheringBoardTableViewCell.swift in Sources */,
				79F022D82913C0F5007D59B8 /* NationalityViewController.swift in Sources */,
				79A8F6A028C7611000FEBE90 /* PhoneNumberVerificationViewController.swift in Sources */,
				7973026B299B896A006EFFB9 /* MainViewController.swift in Sources */,
				7973025B299102EC006EFFB9 /* CategoryImageViewCollectionViewCell.swift in Sources */,
				79F0228C28FD0ECB007D59B8 /* Logger.swift in Sources */,
				79731FC629C32C970062D091 /* NotificationCenter+Extension.swift in Sources */,
				7962CEE829392C86007FCC10 /* MyHeaderView.swift in Sources */,
				792A11BF295B63F200F67094 /* ChatViewController.swift in Sources */,
				792A11C1295C23E200F67094 /* BasicAudioController.swift in Sources */,
				79D28AD12981EA4D00F4FD64 /* SessionRouter.swift in Sources */,
				79F0227328F7E61B007D59B8 /* SetProfileImagesViewController.swift in Sources */,
				79730248298953DB006EFFB9 /* BoardUserRouter.swift in Sources */,
				791C1E98292D3C9200623936 /* BoardMainCollectionTableViewCell.swift in Sources */,
				79519FEF291E8DA300D8E6CF /* GatheringBoard.swift in Sources */,
				79F022D0290D8D91007D59B8 /* LanguagesTableViewCell.swift in Sources */,
				7951A0B9292A240900D8E6CF /* GetProfileViewController.swift in Sources */,
				792A11D82961BA0D00F67094 /* ClipBoardViewController.swift in Sources */,
				79519FF1291E95E600D8E6CF /* Image.swift in Sources */,
				79D28AC1297A8E6700F4FD64 /* InterestsViewController.swift in Sources */,
				79F0230E291CDD82007D59B8 /* StepViewHeader.swift in Sources */,
				79088B8428E5683F008054F6 /* KeyChainManager.swift in Sources */,
				791F6CF7294680E400C1D470 /* MyClubViewController.swift in Sources */,
				79A8F67028C7240300FEBE90 /* ViewController.swift in Sources */,
				79D28AC5297AF45F00F4FD64 /* NameViewController.swift in Sources */,
				791C1EC329355F6A00623936 /* String.swift in Sources */,
				79088B6828DE1A66008054F6 /* SetProfileTableViewCell.swift in Sources */,
				79D28AD3298227B500F4FD64 /* PushNotificationRouter.swift in Sources */,
				79D28AB7297882B600F4FD64 /* ImageManger.swift in Sources */,
				79D28ACF29801B2800F4FD64 /* ReportRouter.swift in Sources */,
				7954854A28D5D006005ED367 /* LoginViewController.swift in Sources */,
				79F0228E28FD0FBA007D59B8 /* ApiStatusLogger.swift in Sources */,
				791C1EC529355F7600623936 /* Date.swift in Sources */,
				791F6CF5294680D700C1D470 /* PushNoficationViewController.swift in Sources */,
				7951A0BC292A29F800D8E6CF /* ServiceTapBarViewController.swift in Sources */,
				79519FF7291EA8E900D8E6CF /* GatheringBoardSelectImagesViewController.swift in Sources */,
				79088B7E28E4A81A008054F6 /* Constants.swift in Sources */,
				7951A0022921063D00D8E6CF /* LocationManager.swift in Sources */,
				7951A0482921862A00D8E6CF /* GooglePlacesManager.swift in Sources */,
				79088AC828D89343008054F6 /* SessionManager.swift in Sources */,
				79A8F66C28C7240300FEBE90 /* AppDelegate.swift in Sources */,
				7973024D298B9C6F006EFFB9 /* JoinListTableViewCell.swift in Sources */,
				797302612997A540006EFFB9 /* APIReport.swift in Sources */,
				7962CEF0293CBA24007FCC10 /* MemberImagesCollectionViewCell.swift in Sources */,
				79519FBF291D070400D8E6CF /* GatheringBoardCategoryTableViewCell.swift in Sources */,
				79088B7528E48D24008054F6 /* AlamofireManager.swift in Sources */,
				7962CEE42939174C007FCC10 /* GatheringBoardOptionViewController.swift in Sources */,
				79730255298FFC68006EFFB9 /* LoadingFooterView.swift in Sources */,
				79F0230B291CD4AA007D59B8 /* GatheringBoardCategoryViewController.swift in Sources */,
				79C45CC6296B1FF200A5A59E /* UITabBarController+Extensions.swift in Sources */,
				795D9BC328F1B40F00228E34 /* SetProfileTableViewFooter.swift in Sources */,
				795D9BC528F1D4E300228E34 /* Color.swift in Sources */,
				7962CEEE293C4302007FCC10 /* Encodable.swift in Sources */,
				797302572990A8D8006EFFB9 /* ViewAllGatheringBoardsViewController.swift in Sources */,
				791F6CFB294874E300C1D470 /* Alarm.swift in Sources */,
				79A8F66E28C7240300FEBE90 /* SceneDelegate.swift in Sources */,
				7962CEE22938EF35007FCC10 /* BoardOptionsTableViewCell.swift in Sources */,
				791C1EED2937C1A800623936 /* GatheringDetailBoardViewController.swift in Sources */,
				792A11C9295CB75400F67094 /* ContentSizedTableView.swift in Sources */,
				79088B7728E490CA008054F6 /* BaseInterceptor.swift in Sources */,
				7953ED31297435C8003ACB27 /* URLConvertible+Extension.swift in Sources */,
				79D28AC7297E4AB200F4FD64 /* BoardRouter.swift in Sources */,
				791F6CFE294F765A00C1D470 /* GatheringBoardThumbnailCollectionViewCell.swift in Sources */,
				79519FFC291FB6B800D8E6CF /* TextField.swift in Sources */,
				7951A0BE292A7D4300D8E6CF /* TimeMeasure.swift in Sources */,
				7953ED2A297025A2003ACB27 /* ProfileRouter.swift in Sources */,
				79F022D629111100007D59B8 /* LanguagesViewController.swift in Sources */,
				79D28AC3297A8F4D00F4FD64 /* JobViewController.swift in Sources */,
				79A8F6AB28CDD65800FEBE90 /* SetProfileViewController.swift in Sources */,
				79C45CC8296F527200A5A59E /* UIViewController+Extensions.swift in Sources */,
				79088B6628DD8297008054F6 /* SearchGatheringBoardViewController.swift in Sources */,
				791C1EA1292E600B00623936 /* APIGatheringBoard.swift in Sources */,
				7962CEEA293BA5F9007FCC10 /* BoardInfoView.swift in Sources */,
				797302632997A6EE006EFFB9 /* BlockRouter.swift in Sources */,
				79F022CC290A40F1007D59B8 /* MyImagesCollectionViewCell.swift in Sources */,
				7951A0082921557D00D8E6CF /* MKResultsLocalSearchTableViewController.swift in Sources */,
				79A8F6A728CDC95000FEBE90 /* User.swift in Sources */,
				791C1EBF293251F600623936 /* GetProfileImagesViewController.swift in Sources */,
				797302682997EDB0006EFFB9 /* ReportViewController.swift in Sources */,
				791C1E9A292D3CB000623936 /* ThumbnailCollectionViewCell.swift in Sources */,
				795D9BC728F1F72900228E34 /* Layer.swift in Sources */,
				79519FF5291EA87B00D8E6CF /* GatheringBoardContentViewController.swift in Sources */,
				797302652997A71D006EFFB9 /* APIBlock.swift in Sources */,
				795D9BC028F1993300228E34 /* RequirementTableViewHeader.swift in Sources */,
			);
			runOnlyForDeploymentPostprocessing = 0;
		};
		79A8F67A28C7240500FEBE90 /* Sources */ = {
			isa = PBXSourcesBuildPhase;
			buildActionMask = 2147483647;
			files = (
				79A8F68328C7240500FEBE90 /* YogitTests.swift in Sources */,
				7951A0032921063D00D8E6CF /* LocationManager.swift in Sources */,
			);
			runOnlyForDeploymentPostprocessing = 0;
		};
		79A8F68428C7240500FEBE90 /* Sources */ = {
			isa = PBXSourcesBuildPhase;
			buildActionMask = 2147483647;
			files = (
				7951A0042921063D00D8E6CF /* LocationManager.swift in Sources */,
				79A8F68D28C7240500FEBE90 /* YogitUITests.swift in Sources */,
				79A8F68F28C7240500FEBE90 /* YogitUITestsLaunchTests.swift in Sources */,
			);
			runOnlyForDeploymentPostprocessing = 0;
		};
/* End PBXSourcesBuildPhase section */

/* Begin PBXTargetDependency section */
		79A8F68028C7240500FEBE90 /* PBXTargetDependency */ = {
			isa = PBXTargetDependency;
			target = 79A8F66728C7240300FEBE90 /* Yogit */;
			targetProxy = 79A8F67F28C7240500FEBE90 /* PBXContainerItemProxy */;
		};
		79A8F68A28C7240500FEBE90 /* PBXTargetDependency */ = {
			isa = PBXTargetDependency;
			target = 79A8F66728C7240300FEBE90 /* Yogit */;
			targetProxy = 79A8F68928C7240500FEBE90 /* PBXContainerItemProxy */;
		};
/* End PBXTargetDependency section */

/* Begin PBXVariantGroup section */
		79A8F67128C7240300FEBE90 /* Main.storyboard */ = {
			isa = PBXVariantGroup;
			children = (
				79A8F67228C7240300FEBE90 /* Base */,
			);
			name = Main.storyboard;
			sourceTree = "<group>";
		};
		79A8F67628C7240500FEBE90 /* LaunchScreen.storyboard */ = {
			isa = PBXVariantGroup;
			children = (
				79A8F67728C7240500FEBE90 /* Base */,
			);
			name = LaunchScreen.storyboard;
			sourceTree = "<group>";
		};
		79D28ADA2987812900F4FD64 /* Localizable.strings */ = {
			isa = PBXVariantGroup;
			children = (
				79D28AD92987812900F4FD64 /* en */,
				79D28ADB2987816300F4FD64 /* ko */,
			);
			name = Localizable.strings;
			sourceTree = "<group>";
		};
/* End PBXVariantGroup section */

/* Begin XCBuildConfiguration section */
		79A8F69028C7240500FEBE90 /* Debug */ = {
			isa = XCBuildConfiguration;
			buildSettings = {
				ALWAYS_SEARCH_USER_PATHS = NO;
				CLANG_ANALYZER_LOCALIZABILITY_NONLOCALIZED = YES;
				CLANG_ANALYZER_NONNULL = YES;
				CLANG_ANALYZER_NUMBER_OBJECT_CONVERSION = YES_AGGRESSIVE;
				CLANG_CXX_LANGUAGE_STANDARD = "gnu++17";
				CLANG_ENABLE_MODULES = YES;
				CLANG_ENABLE_OBJC_ARC = YES;
				CLANG_ENABLE_OBJC_WEAK = YES;
				CLANG_WARN_BLOCK_CAPTURE_AUTORELEASING = YES;
				CLANG_WARN_BOOL_CONVERSION = YES;
				CLANG_WARN_COMMA = YES;
				CLANG_WARN_CONSTANT_CONVERSION = YES;
				CLANG_WARN_DEPRECATED_OBJC_IMPLEMENTATIONS = YES;
				CLANG_WARN_DIRECT_OBJC_ISA_USAGE = YES_ERROR;
				CLANG_WARN_DOCUMENTATION_COMMENTS = YES;
				CLANG_WARN_EMPTY_BODY = YES;
				CLANG_WARN_ENUM_CONVERSION = YES;
				CLANG_WARN_INFINITE_RECURSION = YES;
				CLANG_WARN_INT_CONVERSION = YES;
				CLANG_WARN_NON_LITERAL_NULL_CONVERSION = YES;
				CLANG_WARN_OBJC_IMPLICIT_RETAIN_SELF = YES;
				CLANG_WARN_OBJC_LITERAL_CONVERSION = YES;
				CLANG_WARN_OBJC_ROOT_CLASS = YES_ERROR;
				CLANG_WARN_QUOTED_INCLUDE_IN_FRAMEWORK_HEADER = YES;
				CLANG_WARN_RANGE_LOOP_ANALYSIS = YES;
				CLANG_WARN_STRICT_PROTOTYPES = YES;
				CLANG_WARN_SUSPICIOUS_MOVE = YES;
				CLANG_WARN_UNGUARDED_AVAILABILITY = YES_AGGRESSIVE;
				CLANG_WARN_UNREACHABLE_CODE = YES;
				CLANG_WARN__DUPLICATE_METHOD_MATCH = YES;
				COPY_PHASE_STRIP = NO;
				DEBUG_INFORMATION_FORMAT = dwarf;
				ENABLE_STRICT_OBJC_MSGSEND = YES;
				ENABLE_TESTABILITY = YES;
				GCC_C_LANGUAGE_STANDARD = gnu11;
				GCC_DYNAMIC_NO_PIC = NO;
				GCC_NO_COMMON_BLOCKS = YES;
				GCC_OPTIMIZATION_LEVEL = 0;
				GCC_PREPROCESSOR_DEFINITIONS = (
					"DEBUG=1",
					"$(inherited)",
				);
				GCC_WARN_64_TO_32_BIT_CONVERSION = YES;
				GCC_WARN_ABOUT_RETURN_TYPE = YES_ERROR;
				GCC_WARN_UNDECLARED_SELECTOR = YES;
				GCC_WARN_UNINITIALIZED_AUTOS = YES_AGGRESSIVE;
				GCC_WARN_UNUSED_FUNCTION = YES;
				GCC_WARN_UNUSED_VARIABLE = YES;
				IPHONEOS_DEPLOYMENT_TARGET = 15.4;
				MTL_ENABLE_DEBUG_INFO = INCLUDE_SOURCE;
				MTL_FAST_MATH = YES;
				ONLY_ACTIVE_ARCH = YES;
				SDKROOT = iphoneos;
				SWIFT_ACTIVE_COMPILATION_CONDITIONS = DEBUG;
				SWIFT_OPTIMIZATION_LEVEL = "-Onone";
			};
			name = Debug;
		};
		79A8F69128C7240500FEBE90 /* Release */ = {
			isa = XCBuildConfiguration;
			buildSettings = {
				ALWAYS_SEARCH_USER_PATHS = NO;
				CLANG_ANALYZER_LOCALIZABILITY_NONLOCALIZED = YES;
				CLANG_ANALYZER_NONNULL = YES;
				CLANG_ANALYZER_NUMBER_OBJECT_CONVERSION = YES_AGGRESSIVE;
				CLANG_CXX_LANGUAGE_STANDARD = "gnu++17";
				CLANG_ENABLE_MODULES = YES;
				CLANG_ENABLE_OBJC_ARC = YES;
				CLANG_ENABLE_OBJC_WEAK = YES;
				CLANG_WARN_BLOCK_CAPTURE_AUTORELEASING = YES;
				CLANG_WARN_BOOL_CONVERSION = YES;
				CLANG_WARN_COMMA = YES;
				CLANG_WARN_CONSTANT_CONVERSION = YES;
				CLANG_WARN_DEPRECATED_OBJC_IMPLEMENTATIONS = YES;
				CLANG_WARN_DIRECT_OBJC_ISA_USAGE = YES_ERROR;
				CLANG_WARN_DOCUMENTATION_COMMENTS = YES;
				CLANG_WARN_EMPTY_BODY = YES;
				CLANG_WARN_ENUM_CONVERSION = YES;
				CLANG_WARN_INFINITE_RECURSION = YES;
				CLANG_WARN_INT_CONVERSION = YES;
				CLANG_WARN_NON_LITERAL_NULL_CONVERSION = YES;
				CLANG_WARN_OBJC_IMPLICIT_RETAIN_SELF = YES;
				CLANG_WARN_OBJC_LITERAL_CONVERSION = YES;
				CLANG_WARN_OBJC_ROOT_CLASS = YES_ERROR;
				CLANG_WARN_QUOTED_INCLUDE_IN_FRAMEWORK_HEADER = YES;
				CLANG_WARN_RANGE_LOOP_ANALYSIS = YES;
				CLANG_WARN_STRICT_PROTOTYPES = YES;
				CLANG_WARN_SUSPICIOUS_MOVE = YES;
				CLANG_WARN_UNGUARDED_AVAILABILITY = YES_AGGRESSIVE;
				CLANG_WARN_UNREACHABLE_CODE = YES;
				CLANG_WARN__DUPLICATE_METHOD_MATCH = YES;
				COPY_PHASE_STRIP = NO;
				DEBUG_INFORMATION_FORMAT = "dwarf-with-dsym";
				ENABLE_NS_ASSERTIONS = NO;
				ENABLE_STRICT_OBJC_MSGSEND = YES;
				GCC_C_LANGUAGE_STANDARD = gnu11;
				GCC_NO_COMMON_BLOCKS = YES;
				GCC_WARN_64_TO_32_BIT_CONVERSION = YES;
				GCC_WARN_ABOUT_RETURN_TYPE = YES_ERROR;
				GCC_WARN_UNDECLARED_SELECTOR = YES;
				GCC_WARN_UNINITIALIZED_AUTOS = YES_AGGRESSIVE;
				GCC_WARN_UNUSED_FUNCTION = YES;
				GCC_WARN_UNUSED_VARIABLE = YES;
				IPHONEOS_DEPLOYMENT_TARGET = 15.4;
				MTL_ENABLE_DEBUG_INFO = NO;
				MTL_FAST_MATH = YES;
				SDKROOT = iphoneos;
				SWIFT_COMPILATION_MODE = wholemodule;
				SWIFT_OPTIMIZATION_LEVEL = "-O";
				VALIDATE_PRODUCT = YES;
			};
			name = Release;
		};
		79A8F69328C7240500FEBE90 /* Debug */ = {
			isa = XCBuildConfiguration;
			baseConfigurationReference = A91B298E4976BF076D5356F5 /* Pods-Yogit.debug.xcconfig */;
			buildSettings = {
				ASSETCATALOG_COMPILER_APPICON_NAME = AppIcon;
				ASSETCATALOG_COMPILER_GLOBAL_ACCENT_COLOR_NAME = AccentColor;
				CODE_SIGN_ENTITLEMENTS = Yogit/Yogit.entitlements;
				CODE_SIGN_IDENTITY = "Apple Development";
				CODE_SIGN_STYLE = Automatic;
				CURRENT_PROJECT_VERSION = 1;
				DEVELOPMENT_TEAM = 9487SKDZZB;
				EXCLUDED_ARCHS = "";
				GENERATE_INFOPLIST_FILE = YES;
				INFOPLIST_FILE = Yogit/Info.plist;
				INFOPLIST_KEY_NSCameraUsageDescription = "카메라 사용권한이 필요합니다.";
				INFOPLIST_KEY_NSLocationWhenInUseUsageDescription = "사용자 위치를 가져오려고 합니다.";
				INFOPLIST_KEY_NSPhotoLibraryAddUsageDescription = "사용자 앨범을 가져오려고 합니다. ";
				INFOPLIST_KEY_NSPhotoLibraryUsageDescription = test;
				INFOPLIST_KEY_UIApplicationSupportsIndirectInputEvents = YES;
				INFOPLIST_KEY_UILaunchStoryboardName = LaunchScreen;
				INFOPLIST_KEY_UIMainStoryboardFile = Main;
				INFOPLIST_KEY_UISupportedInterfaceOrientations = UIInterfaceOrientationPortrait;
				IPHONEOS_DEPLOYMENT_TARGET = 16.0;
				LD_RUNPATH_SEARCH_PATHS = (
					"$(inherited)",
					"@executable_path/Frameworks",
				);
				MARKETING_VERSION = 1.0;
				PRODUCT_BUNDLE_IDENTIFIER = com.Branch.Yogit;
				PRODUCT_NAME = "$(TARGET_NAME)";
				PROVISIONING_PROFILE_SPECIFIER = "";
				SWIFT_EMIT_LOC_STRINGS = YES;
				SWIFT_VERSION = 5.0;
				TARGETED_DEVICE_FAMILY = "1,2";
			};
			name = Debug;
		};
		79A8F69428C7240500FEBE90 /* Release */ = {
			isa = XCBuildConfiguration;
			baseConfigurationReference = 0025A4626249580F54B283DD /* Pods-Yogit.release.xcconfig */;
			buildSettings = {
				ASSETCATALOG_COMPILER_APPICON_NAME = AppIcon;
				ASSETCATALOG_COMPILER_GLOBAL_ACCENT_COLOR_NAME = AccentColor;
				CODE_SIGN_ENTITLEMENTS = Yogit/Yogit.entitlements;
				CODE_SIGN_IDENTITY = "Apple Development";
				CODE_SIGN_STYLE = Automatic;
				CURRENT_PROJECT_VERSION = 1;
				DEVELOPMENT_TEAM = 9487SKDZZB;
				GENERATE_INFOPLIST_FILE = YES;
				INFOPLIST_FILE = Yogit/Info.plist;
				INFOPLIST_KEY_NSCameraUsageDescription = "카메라 사용권한이 필요합니다.";
				INFOPLIST_KEY_NSLocationWhenInUseUsageDescription = "사용자 위치를 가져오려고 합니다.";
				INFOPLIST_KEY_NSPhotoLibraryAddUsageDescription = "사용자 앨범을 가져오려고 합니다. ";
				INFOPLIST_KEY_NSPhotoLibraryUsageDescription = test;
				INFOPLIST_KEY_UIApplicationSupportsIndirectInputEvents = YES;
				INFOPLIST_KEY_UILaunchStoryboardName = LaunchScreen;
				INFOPLIST_KEY_UIMainStoryboardFile = Main;
				INFOPLIST_KEY_UISupportedInterfaceOrientations = UIInterfaceOrientationPortrait;
				IPHONEOS_DEPLOYMENT_TARGET = 16.0;
				LD_RUNPATH_SEARCH_PATHS = (
					"$(inherited)",
					"@executable_path/Frameworks",
				);
				MARKETING_VERSION = 1.0;
				PRODUCT_BUNDLE_IDENTIFIER = com.Branch.Yogit;
				PRODUCT_NAME = "$(TARGET_NAME)";
				PROVISIONING_PROFILE_SPECIFIER = "";
				SWIFT_EMIT_LOC_STRINGS = YES;
				SWIFT_VERSION = 5.0;
				TARGETED_DEVICE_FAMILY = "1,2";
			};
			name = Release;
		};
		79A8F69628C7240500FEBE90 /* Debug */ = {
			isa = XCBuildConfiguration;
			baseConfigurationReference = 22D73898FE29443944759461 /* Pods-YogitTests.debug.xcconfig */;
			buildSettings = {
				ALWAYS_EMBED_SWIFT_STANDARD_LIBRARIES = YES;
				BUNDLE_LOADER = "$(TEST_HOST)";
				CODE_SIGN_STYLE = Automatic;
				CURRENT_PROJECT_VERSION = 1;
				DEVELOPMENT_TEAM = 9487SKDZZB;
				GENERATE_INFOPLIST_FILE = YES;
				IPHONEOS_DEPLOYMENT_TARGET = 15.4;
				MARKETING_VERSION = 1.0;
				PRODUCT_BUNDLE_IDENTIFIER = "Junseo-Park.YogitTests";
				PRODUCT_NAME = "$(TARGET_NAME)";
				SWIFT_EMIT_LOC_STRINGS = NO;
				SWIFT_VERSION = 5.0;
				TARGETED_DEVICE_FAMILY = "1,2";
				TEST_HOST = "$(BUILT_PRODUCTS_DIR)/Yogit.app/Yogit";
			};
			name = Debug;
		};
		79A8F69728C7240500FEBE90 /* Release */ = {
			isa = XCBuildConfiguration;
			baseConfigurationReference = F6AC242BBD427384B821DBBA /* Pods-YogitTests.release.xcconfig */;
			buildSettings = {
				ALWAYS_EMBED_SWIFT_STANDARD_LIBRARIES = YES;
				BUNDLE_LOADER = "$(TEST_HOST)";
				CODE_SIGN_STYLE = Automatic;
				CURRENT_PROJECT_VERSION = 1;
				DEVELOPMENT_TEAM = 9487SKDZZB;
				GENERATE_INFOPLIST_FILE = YES;
				IPHONEOS_DEPLOYMENT_TARGET = 15.4;
				MARKETING_VERSION = 1.0;
				PRODUCT_BUNDLE_IDENTIFIER = "Junseo-Park.YogitTests";
				PRODUCT_NAME = "$(TARGET_NAME)";
				SWIFT_EMIT_LOC_STRINGS = NO;
				SWIFT_VERSION = 5.0;
				TARGETED_DEVICE_FAMILY = "1,2";
				TEST_HOST = "$(BUILT_PRODUCTS_DIR)/Yogit.app/Yogit";
			};
			name = Release;
		};
		79A8F69928C7240500FEBE90 /* Debug */ = {
			isa = XCBuildConfiguration;
			baseConfigurationReference = EA2190888C6EF2BF299CCDAC /* Pods-Yogit-YogitUITests.debug.xcconfig */;
			buildSettings = {
				ALWAYS_EMBED_SWIFT_STANDARD_LIBRARIES = YES;
				CODE_SIGN_STYLE = Automatic;
				CURRENT_PROJECT_VERSION = 1;
				DEVELOPMENT_TEAM = 9487SKDZZB;
				GENERATE_INFOPLIST_FILE = YES;
				MARKETING_VERSION = 1.0;
				PRODUCT_BUNDLE_IDENTIFIER = "Junseo-Park.YogitUITests";
				PRODUCT_NAME = "$(TARGET_NAME)";
				SWIFT_EMIT_LOC_STRINGS = NO;
				SWIFT_VERSION = 5.0;
				TARGETED_DEVICE_FAMILY = "1,2";
				TEST_TARGET_NAME = Yogit;
			};
			name = Debug;
		};
		79A8F69A28C7240500FEBE90 /* Release */ = {
			isa = XCBuildConfiguration;
			baseConfigurationReference = CDF969F75F176743AA43458E /* Pods-Yogit-YogitUITests.release.xcconfig */;
			buildSettings = {
				ALWAYS_EMBED_SWIFT_STANDARD_LIBRARIES = YES;
				CODE_SIGN_STYLE = Automatic;
				CURRENT_PROJECT_VERSION = 1;
				DEVELOPMENT_TEAM = 9487SKDZZB;
				GENERATE_INFOPLIST_FILE = YES;
				MARKETING_VERSION = 1.0;
				PRODUCT_BUNDLE_IDENTIFIER = "Junseo-Park.YogitUITests";
				PRODUCT_NAME = "$(TARGET_NAME)";
				SWIFT_EMIT_LOC_STRINGS = NO;
				SWIFT_VERSION = 5.0;
				TARGETED_DEVICE_FAMILY = "1,2";
				TEST_TARGET_NAME = Yogit;
			};
			name = Release;
		};
/* End XCBuildConfiguration section */

/* Begin XCConfigurationList section */
		79A8F66328C7240300FEBE90 /* Build configuration list for PBXProject "Yogit" */ = {
			isa = XCConfigurationList;
			buildConfigurations = (
				79A8F69028C7240500FEBE90 /* Debug */,
				79A8F69128C7240500FEBE90 /* Release */,
			);
			defaultConfigurationIsVisible = 0;
			defaultConfigurationName = Release;
		};
		79A8F69228C7240500FEBE90 /* Build configuration list for PBXNativeTarget "Yogit" */ = {
			isa = XCConfigurationList;
			buildConfigurations = (
				79A8F69328C7240500FEBE90 /* Debug */,
				79A8F69428C7240500FEBE90 /* Release */,
			);
			defaultConfigurationIsVisible = 0;
			defaultConfigurationName = Release;
		};
		79A8F69528C7240500FEBE90 /* Build configuration list for PBXNativeTarget "YogitTests" */ = {
			isa = XCConfigurationList;
			buildConfigurations = (
				79A8F69628C7240500FEBE90 /* Debug */,
				79A8F69728C7240500FEBE90 /* Release */,
			);
			defaultConfigurationIsVisible = 0;
			defaultConfigurationName = Release;
		};
		79A8F69828C7240500FEBE90 /* Build configuration list for PBXNativeTarget "YogitUITests" */ = {
			isa = XCConfigurationList;
			buildConfigurations = (
				79A8F69928C7240500FEBE90 /* Debug */,
				79A8F69A28C7240500FEBE90 /* Release */,
			);
			defaultConfigurationIsVisible = 0;
			defaultConfigurationName = Release;
		};
/* End XCConfigurationList section */

/* Begin XCRemoteSwiftPackageReference section */
		792A11D3295E1D5D00F67094 /* XCRemoteSwiftPackageReference "MessageKit" */ = {
			isa = XCRemoteSwiftPackageReference;
			repositoryURL = "https://github.com/MessageKit/MessageKit";
			requirement = {
				kind = upToNextMajorVersion;
				minimumVersion = 4.0.0;
			};
		};
/* End XCRemoteSwiftPackageReference section */

/* Begin XCSwiftPackageProductDependency section */
		792A11D4295E1D5E00F67094 /* MessageKit */ = {
			isa = XCSwiftPackageProductDependency;
			package = 792A11D3295E1D5D00F67094 /* XCRemoteSwiftPackageReference "MessageKit" */;
			productName = MessageKit;
		};
/* End XCSwiftPackageProductDependency section */
	};
	rootObject = 79A8F66028C7240300FEBE90 /* Project object */;
}
